// !$*UTF8*$!
{
	archiveVersion = 1;
	classes = {
	};
	objectVersion = 46;
	objects = {

/* Begin PBXBuildFile section */
		344EB66425F5FBF800C115E2 /* SwitchHome.storyboard in Resources */ = {isa = PBXBuildFile; fileRef = 344EB66225F5FBF800C115E2 /* SwitchHome.storyboard */; };
		344EB66A25F5FC3900C115E2 /* SwitchHomeTableViewController.m in Sources */ = {isa = PBXBuildFile; fileRef = 344EB66925F5FC3900C115E2 /* SwitchHomeTableViewController.m */; };
		344EB66D25F60DB400C115E2 /* TuyaSmartMain.storyboard in Resources */ = {isa = PBXBuildFile; fileRef = 344EB66F25F60DB400C115E2 /* TuyaSmartMain.storyboard */; };
		344EB67425F6132E00C115E2 /* SceneList.storyboard in Resources */ = {isa = PBXBuildFile; fileRef = 344EB67625F6132E00C115E2 /* SceneList.storyboard */; };
		344EBA6825F64BA900C115E2 /* ty_custom_config.json in Resources */ = {isa = PBXBuildFile; fileRef = 344EBA6725F64BA900C115E2 /* ty_custom_config.json */; };
		34D5C8F025EF65EC00C22B14 /* t_s.bmp in Resources */ = {isa = PBXBuildFile; fileRef = 34D5C8EF25EF65EC00C22B14 /* t_s.bmp */; };
		34D5C90A25EF68A900C22B14 /* RegisterTableViewController.m in Sources */ = {isa = PBXBuildFile; fileRef = 34D5C90525EF68A900C22B14 /* RegisterTableViewController.m */; };
		34D5C90B25EF68A900C22B14 /* ResetPasswordTableViewController.m in Sources */ = {isa = PBXBuildFile; fileRef = 34D5C90625EF68A900C22B14 /* ResetPasswordTableViewController.m */; };
		34D5C90C25EF68A900C22B14 /* LoginTableViewController.m in Sources */ = {isa = PBXBuildFile; fileRef = 34D5C90825EF68A900C22B14 /* LoginTableViewController.m */; };
		34D5CA0625EF967500C22B14 /* DeviceList.storyboard in Resources */ = {isa = PBXBuildFile; fileRef = 34D5CA0425EF967400C22B14 /* DeviceList.storyboard */; };
		34D5CA0F25EFB8A800C22B14 /* DeviceListTableViewController.m in Sources */ = {isa = PBXBuildFile; fileRef = 34D5CA0E25EFB8A700C22B14 /* DeviceListTableViewController.m */; };
		34D5CA1525EFBA5B00C22B14 /* Home.m in Sources */ = {isa = PBXBuildFile; fileRef = 34D5CA1325EFBA5B00C22B14 /* Home.m */; };
		34D5CA1C25F0C14900C22B14 /* configList.json in Resources */ = {isa = PBXBuildFile; fileRef = 34D5CA1B25F0C14900C22B14 /* configList.json */; };
		34D5CA3025F20CDE00C22B14 /* SceneListTableViewController.m in Sources */ = {isa = PBXBuildFile; fileRef = 34D5CA2F25F20CDE00C22B14 /* SceneListTableViewController.m */; };
		34EABCD425EF305200A72A8D /* MainTableViewController.m in Sources */ = {isa = PBXBuildFile; fileRef = 34EABCD325EF305200A72A8D /* MainTableViewController.m */; };
		59935D6F28A4A9CE000A12CE /* deviceDetailConfig.json in Resources */ = {isa = PBXBuildFile; fileRef = 59935D6E28A4A9CE000A12CE /* deviceDetailConfig.json */; };
		6003F58E195388D20070C39A /* Foundation.framework in Frameworks */ = {isa = PBXBuildFile; fileRef = 6003F58D195388D20070C39A /* Foundation.framework */; };
		6003F590195388D20070C39A /* CoreGraphics.framework in Frameworks */ = {isa = PBXBuildFile; fileRef = 6003F58F195388D20070C39A /* CoreGraphics.framework */; };
		6003F592195388D20070C39A /* UIKit.framework in Frameworks */ = {isa = PBXBuildFile; fileRef = 6003F591195388D20070C39A /* UIKit.framework */; };
		6003F598195388D20070C39A /* InfoPlist.strings in Resources */ = {isa = PBXBuildFile; fileRef = 6003F596195388D20070C39A /* InfoPlist.strings */; };
		6003F5A9195388D20070C39A /* Images.xcassets in Resources */ = {isa = PBXBuildFile; fileRef = 6003F5A8195388D20070C39A /* Images.xcassets */; };
		6003F5B0195388D20070C39A /* XCTest.framework in Frameworks */ = {isa = PBXBuildFile; fileRef = 6003F5AF195388D20070C39A /* XCTest.framework */; };
		6003F5B1195388D20070C39A /* Foundation.framework in Frameworks */ = {isa = PBXBuildFile; fileRef = 6003F58D195388D20070C39A /* Foundation.framework */; };
		6003F5B2195388D20070C39A /* UIKit.framework in Frameworks */ = {isa = PBXBuildFile; fileRef = 6003F591195388D20070C39A /* UIKit.framework */; };
		9FC06C9704E52206690D87F6 /* Pods_tuya_bizbundle_ios_sample_objc_Example.framework in Frameworks */ = {isa = PBXBuildFile; fileRef = BF0B86DDD3D8888196C4A4B3 /* Pods_tuya_bizbundle_ios_sample_objc_Example.framework */; };
		AFA3294225D0E33C0065E54E /* main.m in Sources */ = {isa = PBXBuildFile; fileRef = AFA3293725D0E3220065E54E /* main.m */; };
		AFA329BD25D0E3500065E54E /* AppDelegate.m in Sources */ = {isa = PBXBuildFile; fileRef = AFA3294525D0E34F0065E54E /* AppDelegate.m */; };
		AFA329CD25D0E3500065E54E /* LaunchScreen.storyboard in Resources */ = {isa = PBXBuildFile; fileRef = AFA3296825D0E3500065E54E /* LaunchScreen.storyboard */; };
		AFA329D225D0E3500065E54E /* Register.storyboard in Resources */ = {isa = PBXBuildFile; fileRef = AFA3297225D0E3500065E54E /* Register.storyboard */; };
		AFA329D325D0E3500065E54E /* Main.storyboard in Resources */ = {isa = PBXBuildFile; fileRef = AFA3297425D0E3500065E54E /* Main.storyboard */; };
		AFA329D425D0E3500065E54E /* Login.storyboard in Resources */ = {isa = PBXBuildFile; fileRef = AFA3297625D0E3500065E54E /* Login.storyboard */; };
		AFA329EF25D0E3500065E54E /* MainViewController.m in Sources */ = {isa = PBXBuildFile; fileRef = AFA329B325D0E3500065E54E /* MainViewController.m */; };
		AFA329F125D0E3500065E54E /* Alert.m in Sources */ = {isa = PBXBuildFile; fileRef = AFA329B825D0E3500065E54E /* Alert.m */; };
		AFA329F225D0E3500065E54E /* NotificationName.m in Sources */ = {isa = PBXBuildFile; fileRef = AFA329B925D0E3500065E54E /* NotificationName.m */; };
		AFA329F325D0E3500065E54E /* UIButton+Extensions.m in Sources */ = {isa = PBXBuildFile; fileRef = AFA329BA25D0E3500065E54E /* UIButton+Extensions.m */; };
		AFA32A1225D0EBAB0065E54E /* Localizable.strings in Resources */ = {isa = PBXBuildFile; fileRef = AFA32A1025D0EBAB0065E54E /* Localizable.strings */; };
		E597051F28BE703200A5C43F /* LightSceneList.storyboard in Resources */ = {isa = PBXBuildFile; fileRef = E597052128BE703200A5C43F /* LightSceneList.storyboard */; };
		E5C146B628BCC7E1005B20A2 /* LightSceneListTableViewController.m in Sources */ = {isa = PBXBuildFile; fileRef = E5C146B528BCC7E1005B20A2 /* LightSceneListTableViewController.m */; };
/* End PBXBuildFile section */

/* Begin PBXContainerItemProxy section */
		6003F5B3195388D20070C39A /* PBXContainerItemProxy */ = {
			isa = PBXContainerItemProxy;
			containerPortal = 6003F582195388D10070C39A /* Project object */;
			proxyType = 1;
			remoteGlobalIDString = 6003F589195388D20070C39A;
			remoteInfo = "tuya-bizbundle-ios-sample-objc";
		};
/* End PBXContainerItemProxy section */

/* Begin PBXFileReference section */
		344EB66325F5FBF800C115E2 /* Base */ = {isa = PBXFileReference; lastKnownFileType = file.storyboard; name = Base; path = Base.lproj/SwitchHome.storyboard; sourceTree = "<group>"; };
		344EB66725F5FC0300C115E2 /* zh-Hans */ = {isa = PBXFileReference; lastKnownFileType = text.plist.strings; name = "zh-Hans"; path = "zh-Hans.lproj/SwitchHome.strings"; sourceTree = "<group>"; };
		344EB66825F5FC3900C115E2 /* SwitchHomeTableViewController.h */ = {isa = PBXFileReference; fileEncoding = 4; lastKnownFileType = sourcecode.c.h; path = SwitchHomeTableViewController.h; sourceTree = "<group>"; };
		344EB66925F5FC3900C115E2 /* SwitchHomeTableViewController.m */ = {isa = PBXFileReference; fileEncoding = 4; lastKnownFileType = sourcecode.c.objc; path = SwitchHomeTableViewController.m; sourceTree = "<group>"; };
		344EB67025F60DBF00C115E2 /* Base */ = {isa = PBXFileReference; lastKnownFileType = file.storyboard; name = Base; path = Base.lproj/TuyaSmartMain.storyboard; sourceTree = "<group>"; };
		344EB67125F60E1C00C115E2 /* zh-Hans */ = {isa = PBXFileReference; lastKnownFileType = text.plist.strings; name = "zh-Hans"; path = "zh-Hans.lproj/TuyaSmartMain.strings"; sourceTree = "<group>"; };
		344EB67525F6132E00C115E2 /* Base */ = {isa = PBXFileReference; lastKnownFileType = file.storyboard; name = Base; path = Base.lproj/SceneList.storyboard; sourceTree = "<group>"; };
		344EB67A25F6134400C115E2 /* zh-Hans */ = {isa = PBXFileReference; lastKnownFileType = text.plist.strings; name = "zh-Hans"; path = "zh-Hans.lproj/SceneList.strings"; sourceTree = "<group>"; };
		344EB96925F630E400C115E2 /* tuya-bizbundle-ios-sample-objc_Example.entitlements */ = {isa = PBXFileReference; lastKnownFileType = text.plist.entitlements; path = "tuya-bizbundle-ios-sample-objc_Example.entitlements"; sourceTree = "<group>"; };
		344EBA6725F64BA900C115E2 /* ty_custom_config.json */ = {isa = PBXFileReference; fileEncoding = 4; lastKnownFileType = text.json; path = ty_custom_config.json; sourceTree = "<group>"; };
		34D5C8EF25EF65EC00C22B14 /* t_s.bmp */ = {isa = PBXFileReference; lastKnownFileType = image.bmp; path = t_s.bmp; sourceTree = "<group>"; };
		34D5C90425EF68A900C22B14 /* LoginTableViewController.h */ = {isa = PBXFileReference; fileEncoding = 4; lastKnownFileType = sourcecode.c.h; path = LoginTableViewController.h; sourceTree = "<group>"; };
		34D5C90525EF68A900C22B14 /* RegisterTableViewController.m */ = {isa = PBXFileReference; fileEncoding = 4; lastKnownFileType = sourcecode.c.objc; path = RegisterTableViewController.m; sourceTree = "<group>"; };
		34D5C90625EF68A900C22B14 /* ResetPasswordTableViewController.m */ = {isa = PBXFileReference; fileEncoding = 4; lastKnownFileType = sourcecode.c.objc; path = ResetPasswordTableViewController.m; sourceTree = "<group>"; };
		34D5C90725EF68A900C22B14 /* RegisterTableViewController.h */ = {isa = PBXFileReference; fileEncoding = 4; lastKnownFileType = sourcecode.c.h; path = RegisterTableViewController.h; sourceTree = "<group>"; };
		34D5C90825EF68A900C22B14 /* LoginTableViewController.m */ = {isa = PBXFileReference; fileEncoding = 4; lastKnownFileType = sourcecode.c.objc; path = LoginTableViewController.m; sourceTree = "<group>"; };
		34D5C90925EF68A900C22B14 /* ResetPasswordTableViewController.h */ = {isa = PBXFileReference; fileEncoding = 4; lastKnownFileType = sourcecode.c.h; path = ResetPasswordTableViewController.h; sourceTree = "<group>"; };
		34D5CA0525EF967500C22B14 /* Base */ = {isa = PBXFileReference; lastKnownFileType = file.storyboard; name = Base; path = Base.lproj/DeviceList.storyboard; sourceTree = "<group>"; };
		34D5CA0925EF96BA00C22B14 /* zh-Hans */ = {isa = PBXFileReference; lastKnownFileType = text.plist.strings; name = "zh-Hans"; path = "zh-Hans.lproj/DeviceList.strings"; sourceTree = "<group>"; };
		34D5CA0D25EFB8A700C22B14 /* DeviceListTableViewController.h */ = {isa = PBXFileReference; fileEncoding = 4; lastKnownFileType = sourcecode.c.h; path = DeviceListTableViewController.h; sourceTree = "<group>"; };
		34D5CA0E25EFB8A700C22B14 /* DeviceListTableViewController.m */ = {isa = PBXFileReference; fileEncoding = 4; lastKnownFileType = sourcecode.c.objc; path = DeviceListTableViewController.m; sourceTree = "<group>"; };
		34D5CA1325EFBA5B00C22B14 /* Home.m */ = {isa = PBXFileReference; fileEncoding = 4; lastKnownFileType = sourcecode.c.objc; path = Home.m; sourceTree = "<group>"; };
		34D5CA1425EFBA5B00C22B14 /* Home.h */ = {isa = PBXFileReference; fileEncoding = 4; lastKnownFileType = sourcecode.c.h; path = Home.h; sourceTree = "<group>"; };
		34D5CA1B25F0C14900C22B14 /* configList.json */ = {isa = PBXFileReference; lastKnownFileType = text.json; path = configList.json; sourceTree = "<group>"; };
		34D5CA2E25F20CDE00C22B14 /* SceneListTableViewController.h */ = {isa = PBXFileReference; lastKnownFileType = sourcecode.c.h; path = SceneListTableViewController.h; sourceTree = "<group>"; };
		34D5CA2F25F20CDE00C22B14 /* SceneListTableViewController.m */ = {isa = PBXFileReference; lastKnownFileType = sourcecode.c.objc; path = SceneListTableViewController.m; sourceTree = "<group>"; };
		34EABCD225EF305200A72A8D /* MainTableViewController.h */ = {isa = PBXFileReference; lastKnownFileType = sourcecode.c.h; path = MainTableViewController.h; sourceTree = "<group>"; };
		34EABCD325EF305200A72A8D /* MainTableViewController.m */ = {isa = PBXFileReference; lastKnownFileType = sourcecode.c.objc; path = MainTableViewController.m; sourceTree = "<group>"; };
		368ED08045690B9BA6C1281B /* Pods-tuya-bizbundle-ios-sample-objc_Example.debug.xcconfig */ = {isa = PBXFileReference; includeInIndex = 1; lastKnownFileType = text.xcconfig; name = "Pods-tuya-bizbundle-ios-sample-objc_Example.debug.xcconfig"; path = "Target Support Files/Pods-tuya-bizbundle-ios-sample-objc_Example/Pods-tuya-bizbundle-ios-sample-objc_Example.debug.xcconfig"; sourceTree = "<group>"; };
		587D822514EC3EA77C85A878 /* README.md */ = {isa = PBXFileReference; includeInIndex = 1; lastKnownFileType = net.daringfireball.markdown; name = README.md; path = ../README.md; sourceTree = "<group>"; };
		59935D6E28A4A9CE000A12CE /* deviceDetailConfig.json */ = {isa = PBXFileReference; fileEncoding = 4; lastKnownFileType = text.json; path = deviceDetailConfig.json; sourceTree = "<group>"; };
		6003F58A195388D20070C39A /* tuya-bizbundle-ios-sample-objc_Example.app */ = {isa = PBXFileReference; explicitFileType = wrapper.application; includeInIndex = 0; path = "tuya-bizbundle-ios-sample-objc_Example.app"; sourceTree = BUILT_PRODUCTS_DIR; };
		6003F58D195388D20070C39A /* Foundation.framework */ = {isa = PBXFileReference; lastKnownFileType = wrapper.framework; name = Foundation.framework; path = System/Library/Frameworks/Foundation.framework; sourceTree = SDKROOT; };
		6003F58F195388D20070C39A /* CoreGraphics.framework */ = {isa = PBXFileReference; lastKnownFileType = wrapper.framework; name = CoreGraphics.framework; path = System/Library/Frameworks/CoreGraphics.framework; sourceTree = SDKROOT; };
		6003F591195388D20070C39A /* UIKit.framework */ = {isa = PBXFileReference; lastKnownFileType = wrapper.framework; name = UIKit.framework; path = System/Library/Frameworks/UIKit.framework; sourceTree = SDKROOT; };
		6003F595195388D20070C39A /* tuya-bizbundle-ios-sample-objc-Info.plist */ = {isa = PBXFileReference; lastKnownFileType = text.plist.xml; path = "tuya-bizbundle-ios-sample-objc-Info.plist"; sourceTree = "<group>"; };
		6003F59B195388D20070C39A /* tuya-bizbundle-ios-sample-objc-Prefix.pch */ = {isa = PBXFileReference; lastKnownFileType = sourcecode.c.h; path = "tuya-bizbundle-ios-sample-objc-Prefix.pch"; sourceTree = "<group>"; };
		6003F5A8195388D20070C39A /* Images.xcassets */ = {isa = PBXFileReference; lastKnownFileType = folder.assetcatalog; path = Images.xcassets; sourceTree = "<group>"; };
		6003F5AE195388D20070C39A /* tuya-bizbundle-ios-sample-objc_Tests.xctest */ = {isa = PBXFileReference; explicitFileType = wrapper.cfbundle; includeInIndex = 0; path = "tuya-bizbundle-ios-sample-objc_Tests.xctest"; sourceTree = BUILT_PRODUCTS_DIR; };
		6003F5AF195388D20070C39A /* XCTest.framework */ = {isa = PBXFileReference; lastKnownFileType = wrapper.framework; name = XCTest.framework; path = Library/Frameworks/XCTest.framework; sourceTree = DEVELOPER_DIR; };
		A6259BD4A2619B71D99573EE /* tuya-bizbundle-ios-sample-objc.podspec */ = {isa = PBXFileReference; includeInIndex = 1; lastKnownFileType = file; name = "tuya-bizbundle-ios-sample-objc.podspec"; path = "../tuya-bizbundle-ios-sample-objc.podspec"; sourceTree = "<group>"; };
		AC153C7CD61F4FA79F8DF9EC /* Pods-tuya-bizbundle-ios-sample-objc_Example.release.xcconfig */ = {isa = PBXFileReference; includeInIndex = 1; lastKnownFileType = text.xcconfig; name = "Pods-tuya-bizbundle-ios-sample-objc_Example.release.xcconfig"; path = "Target Support Files/Pods-tuya-bizbundle-ios-sample-objc_Example/Pods-tuya-bizbundle-ios-sample-objc_Example.release.xcconfig"; sourceTree = "<group>"; };
		AFA3293725D0E3220065E54E /* main.m */ = {isa = PBXFileReference; lastKnownFileType = sourcecode.c.objc; path = main.m; sourceTree = "<group>"; };
		AFA3294525D0E34F0065E54E /* AppDelegate.m */ = {isa = PBXFileReference; fileEncoding = 4; lastKnownFileType = sourcecode.c.objc; path = AppDelegate.m; sourceTree = "<group>"; };
		AFA3294725D0E34F0065E54E /* AppDelegate.h */ = {isa = PBXFileReference; fileEncoding = 4; lastKnownFileType = sourcecode.c.h; path = AppDelegate.h; sourceTree = "<group>"; };
		AFA3294925D0E34F0065E54E /* AppKey.h */ = {isa = PBXFileReference; fileEncoding = 4; lastKnownFileType = sourcecode.c.h; path = AppKey.h; sourceTree = "<group>"; };
		AFA3296925D0E3500065E54E /* Base */ = {isa = PBXFileReference; lastKnownFileType = file.storyboard; name = Base; path = Base.lproj/LaunchScreen.storyboard; sourceTree = "<group>"; };
		AFA3297325D0E3500065E54E /* Base */ = {isa = PBXFileReference; lastKnownFileType = file.storyboard; name = Base; path = Base.lproj/Register.storyboard; sourceTree = "<group>"; };
		AFA3297525D0E3500065E54E /* Base */ = {isa = PBXFileReference; lastKnownFileType = file.storyboard; name = Base; path = Base.lproj/Main.storyboard; sourceTree = "<group>"; };
		AFA3297725D0E3500065E54E /* Base */ = {isa = PBXFileReference; lastKnownFileType = file.storyboard; name = Base; path = Base.lproj/Login.storyboard; sourceTree = "<group>"; };
		AFA329B325D0E3500065E54E /* MainViewController.m */ = {isa = PBXFileReference; fileEncoding = 4; lastKnownFileType = sourcecode.c.objc; path = MainViewController.m; sourceTree = "<group>"; };
		AFA329B525D0E3500065E54E /* MainViewController.h */ = {isa = PBXFileReference; fileEncoding = 4; lastKnownFileType = sourcecode.c.h; path = MainViewController.h; sourceTree = "<group>"; };
		AFA329B725D0E3500065E54E /* UIButton+Extensions.h */ = {isa = PBXFileReference; fileEncoding = 4; lastKnownFileType = sourcecode.c.h; path = "UIButton+Extensions.h"; sourceTree = "<group>"; };
		AFA329B825D0E3500065E54E /* Alert.m */ = {isa = PBXFileReference; fileEncoding = 4; lastKnownFileType = sourcecode.c.objc; path = Alert.m; sourceTree = "<group>"; };
		AFA329B925D0E3500065E54E /* NotificationName.m */ = {isa = PBXFileReference; fileEncoding = 4; lastKnownFileType = sourcecode.c.objc; path = NotificationName.m; sourceTree = "<group>"; };
		AFA329BA25D0E3500065E54E /* UIButton+Extensions.m */ = {isa = PBXFileReference; fileEncoding = 4; lastKnownFileType = sourcecode.c.objc; path = "UIButton+Extensions.m"; sourceTree = "<group>"; };
		AFA329BB25D0E3500065E54E /* NotificationName.h */ = {isa = PBXFileReference; fileEncoding = 4; lastKnownFileType = sourcecode.c.h; path = NotificationName.h; sourceTree = "<group>"; };
		AFA329BC25D0E3500065E54E /* Alert.h */ = {isa = PBXFileReference; fileEncoding = 4; lastKnownFileType = sourcecode.c.h; path = Alert.h; sourceTree = "<group>"; };
		AFA329F825D0E3F50065E54E /* zh-Hans */ = {isa = PBXFileReference; lastKnownFileType = text.plist.strings; name = "zh-Hans"; path = "zh-Hans.lproj/LaunchScreen.strings"; sourceTree = "<group>"; };
		AFA329FD25D0E4060065E54E /* zh-Hans */ = {isa = PBXFileReference; lastKnownFileType = text.plist.strings; name = "zh-Hans"; path = "zh-Hans.lproj/Register.strings"; sourceTree = "<group>"; };
		AFA329FE25D0E4090065E54E /* zh-Hans */ = {isa = PBXFileReference; lastKnownFileType = text.plist.strings; name = "zh-Hans"; path = "zh-Hans.lproj/Main.strings"; sourceTree = "<group>"; };
		AFA329FF25D0E40C0065E54E /* zh-Hans */ = {isa = PBXFileReference; lastKnownFileType = text.plist.strings; name = "zh-Hans"; path = "zh-Hans.lproj/Login.strings"; sourceTree = "<group>"; };
		AFA32A1125D0EBAB0065E54E /* zh-Hans */ = {isa = PBXFileReference; lastKnownFileType = text.plist.strings; name = "zh-Hans"; path = "zh-Hans.lproj/Localizable.strings"; sourceTree = "<group>"; };
		AFA32A1725D0ED1E0065E54E /* zh-Hans */ = {isa = PBXFileReference; lastKnownFileType = text.plist.strings; name = "zh-Hans"; path = "zh-Hans.lproj/InfoPlist.strings"; sourceTree = "<group>"; };
		BF0B86DDD3D8888196C4A4B3 /* Pods_tuya_bizbundle_ios_sample_objc_Example.framework */ = {isa = PBXFileReference; explicitFileType = wrapper.framework; includeInIndex = 0; path = Pods_tuya_bizbundle_ios_sample_objc_Example.framework; sourceTree = BUILT_PRODUCTS_DIR; };
		E597052028BE703200A5C43F /* Base */ = {isa = PBXFileReference; lastKnownFileType = file.storyboard; name = Base; path = LightSceneList.storyboard; sourceTree = "<group>"; };
		E597052328BE703500A5C43F /* zh-Hans */ = {isa = PBXFileReference; lastKnownFileType = text.plist.strings; name = "zh-Hans"; path = "../zh-Hans.lproj/LightSceneList.strings"; sourceTree = "<group>"; };
		E5C146B428BCC7E0005B20A2 /* LightSceneListTableViewController.h */ = {isa = PBXFileReference; fileEncoding = 4; lastKnownFileType = sourcecode.c.h; path = LightSceneListTableViewController.h; sourceTree = "<group>"; };
		E5C146B528BCC7E1005B20A2 /* LightSceneListTableViewController.m */ = {isa = PBXFileReference; fileEncoding = 4; lastKnownFileType = sourcecode.c.objc; path = LightSceneListTableViewController.m; sourceTree = "<group>"; };
		FD0272C4FEDF9F10DBBB281C /* LICENSE */ = {isa = PBXFileReference; includeInIndex = 1; lastKnownFileType = text; name = LICENSE; path = ../LICENSE; sourceTree = "<group>"; };
/* End PBXFileReference section */

/* Begin PBXFrameworksBuildPhase section */
		6003F587195388D20070C39A /* Frameworks */ = {
			isa = PBXFrameworksBuildPhase;
			buildActionMask = 2147483647;
			files = (
				6003F590195388D20070C39A /* CoreGraphics.framework in Frameworks */,
				6003F592195388D20070C39A /* UIKit.framework in Frameworks */,
				6003F58E195388D20070C39A /* Foundation.framework in Frameworks */,
				9FC06C9704E52206690D87F6 /* Pods_tuya_bizbundle_ios_sample_objc_Example.framework in Frameworks */,
			);
			runOnlyForDeploymentPostprocessing = 0;
		};
		6003F5AB195388D20070C39A /* Frameworks */ = {
			isa = PBXFrameworksBuildPhase;
			buildActionMask = 2147483647;
			files = (
				6003F5B0195388D20070C39A /* XCTest.framework in Frameworks */,
				6003F5B2195388D20070C39A /* UIKit.framework in Frameworks */,
				6003F5B1195388D20070C39A /* Foundation.framework in Frameworks */,
			);
			runOnlyForDeploymentPostprocessing = 0;
		};
/* End PBXFrameworksBuildPhase section */

/* Begin PBXGroup section */
		34D5C90325EF68A900C22B14 /* UserManagement */ = {
			isa = PBXGroup;
			children = (
				34D5C90425EF68A900C22B14 /* LoginTableViewController.h */,
				34D5C90525EF68A900C22B14 /* RegisterTableViewController.m */,
				34D5C90625EF68A900C22B14 /* ResetPasswordTableViewController.m */,
				34D5C90725EF68A900C22B14 /* RegisterTableViewController.h */,
				34D5C90825EF68A900C22B14 /* LoginTableViewController.m */,
				34D5C90925EF68A900C22B14 /* ResetPasswordTableViewController.h */,
			);
			path = UserManagement;
			sourceTree = "<group>";
		};
		34D5CA0C25EFB8A700C22B14 /* Device */ = {
			isa = PBXGroup;
			children = (
				34D5CA0D25EFB8A700C22B14 /* DeviceListTableViewController.h */,
				34D5CA0E25EFB8A700C22B14 /* DeviceListTableViewController.m */,
			);
			path = Device;
			sourceTree = "<group>";
		};
		34D5CA1225EFBA5B00C22B14 /* Home */ = {
			isa = PBXGroup;
			children = (
				344EB66825F5FC3900C115E2 /* SwitchHomeTableViewController.h */,
				344EB66925F5FC3900C115E2 /* SwitchHomeTableViewController.m */,
				34D5CA1325EFBA5B00C22B14 /* Home.m */,
				34D5CA1425EFBA5B00C22B14 /* Home.h */,
			);
			path = Home;
			sourceTree = "<group>";
		};
		34D5CA2D25F20CB900C22B14 /* Scene */ = {
			isa = PBXGroup;
			children = (
				34D5CA2E25F20CDE00C22B14 /* SceneListTableViewController.h */,
				34D5CA2F25F20CDE00C22B14 /* SceneListTableViewController.m */,
			);
			path = Scene;
			sourceTree = "<group>";
		};
		6003F581195388D10070C39A = {
			isa = PBXGroup;
			children = (
				344EB96925F630E400C115E2 /* tuya-bizbundle-ios-sample-objc_Example.entitlements */,
				60FF7A9C1954A5C5007DD14C /* Podspec Metadata */,
				6003F593195388D20070C39A /* Example for tuya-bizbundle-ios-sample-objc */,
				6003F58C195388D20070C39A /* Frameworks */,
				6003F58B195388D20070C39A /* Products */,
				D6632DFC3D1D5EE98877EEA0 /* Pods */,
			);
			sourceTree = "<group>";
		};
		6003F58B195388D20070C39A /* Products */ = {
			isa = PBXGroup;
			children = (
				6003F58A195388D20070C39A /* tuya-bizbundle-ios-sample-objc_Example.app */,
				6003F5AE195388D20070C39A /* tuya-bizbundle-ios-sample-objc_Tests.xctest */,
			);
			name = Products;
			sourceTree = "<group>";
		};
		6003F58C195388D20070C39A /* Frameworks */ = {
			isa = PBXGroup;
			children = (
				6003F58D195388D20070C39A /* Foundation.framework */,
				6003F58F195388D20070C39A /* CoreGraphics.framework */,
				6003F591195388D20070C39A /* UIKit.framework */,
				6003F5AF195388D20070C39A /* XCTest.framework */,
				BF0B86DDD3D8888196C4A4B3 /* Pods_tuya_bizbundle_ios_sample_objc_Example.framework */,
			);
			name = Frameworks;
			sourceTree = "<group>";
		};
		6003F593195388D20070C39A /* Example for tuya-bizbundle-ios-sample-objc */ = {
			isa = PBXGroup;
			children = (
				AFA3294725D0E34F0065E54E /* AppDelegate.h */,
				AFA3294525D0E34F0065E54E /* AppDelegate.m */,
				AFA3294925D0E34F0065E54E /* AppKey.h */,
				344EBA6725F64BA900C115E2 /* ty_custom_config.json */,
				34D5CA1B25F0C14900C22B14 /* configList.json */,
				59935D6E28A4A9CE000A12CE /* deviceDetailConfig.json */,
				AFA3294F25D0E34F0065E54E /* StoryBoard */,
				AFA3298025D0E3500065E54E /* ViewController */,
				AFA329B625D0E3500065E54E /* Helper */,
				6003F5A8195388D20070C39A /* Images.xcassets */,
				34D5C8EF25EF65EC00C22B14 /* t_s.bmp */,
				6003F594195388D20070C39A /* Supporting Files */,
			);
			name = "Example for tuya-bizbundle-ios-sample-objc";
			path = "tuya-bizbundle-ios-sample-objc";
			sourceTree = "<group>";
		};
		6003F594195388D20070C39A /* Supporting Files */ = {
			isa = PBXGroup;
			children = (
				6003F595195388D20070C39A /* tuya-bizbundle-ios-sample-objc-Info.plist */,
				AFA3293725D0E3220065E54E /* main.m */,
				6003F596195388D20070C39A /* InfoPlist.strings */,
				AFA32A1025D0EBAB0065E54E /* Localizable.strings */,
				6003F59B195388D20070C39A /* tuya-bizbundle-ios-sample-objc-Prefix.pch */,
			);
			name = "Supporting Files";
			sourceTree = "<group>";
		};
		60FF7A9C1954A5C5007DD14C /* Podspec Metadata */ = {
			isa = PBXGroup;
			children = (
				A6259BD4A2619B71D99573EE /* tuya-bizbundle-ios-sample-objc.podspec */,
				587D822514EC3EA77C85A878 /* README.md */,
				FD0272C4FEDF9F10DBBB281C /* LICENSE */,
			);
			name = "Podspec Metadata";
			sourceTree = "<group>";
		};
		AFA3294F25D0E34F0065E54E /* StoryBoard */ = {
			isa = PBXGroup;
			children = (
				344EB66225F5FBF800C115E2 /* SwitchHome.storyboard */,
				34D5CA0425EF967400C22B14 /* DeviceList.storyboard */,
				AFA3296825D0E3500065E54E /* LaunchScreen.storyboard */,
				AFA3297225D0E3500065E54E /* Register.storyboard */,
				AFA3297425D0E3500065E54E /* Main.storyboard */,
				AFA3297625D0E3500065E54E /* Login.storyboard */,
				344EB66F25F60DB400C115E2 /* TuyaSmartMain.storyboard */,
				344EB67625F6132E00C115E2 /* SceneList.storyboard */,
				E597052128BE703200A5C43F /* LightSceneList.storyboard */,
			);
			path = StoryBoard;
			sourceTree = "<group>";
		};
		AFA3298025D0E3500065E54E /* ViewController */ = {
			isa = PBXGroup;
			children = (
				E5C146B328BCC6C1005B20A2 /* LightScene */,
				34D5CA2D25F20CB900C22B14 /* Scene */,
				34D5CA1225EFBA5B00C22B14 /* Home */,
				34D5CA0C25EFB8A700C22B14 /* Device */,
				34D5C90325EF68A900C22B14 /* UserManagement */,
				AFA329B325D0E3500065E54E /* MainViewController.m */,
				AFA329B525D0E3500065E54E /* MainViewController.h */,
				34EABCD225EF305200A72A8D /* MainTableViewController.h */,
				34EABCD325EF305200A72A8D /* MainTableViewController.m */,
			);
			path = ViewController;
			sourceTree = "<group>";
		};
		AFA329B625D0E3500065E54E /* Helper */ = {
			isa = PBXGroup;
			children = (
				AFA329B725D0E3500065E54E /* UIButton+Extensions.h */,
				AFA329B825D0E3500065E54E /* Alert.m */,
				AFA329B925D0E3500065E54E /* NotificationName.m */,
				AFA329BA25D0E3500065E54E /* UIButton+Extensions.m */,
				AFA329BB25D0E3500065E54E /* NotificationName.h */,
				AFA329BC25D0E3500065E54E /* Alert.h */,
			);
			path = Helper;
			sourceTree = "<group>";
		};
		D6632DFC3D1D5EE98877EEA0 /* Pods */ = {
			isa = PBXGroup;
			children = (
				368ED08045690B9BA6C1281B /* Pods-tuya-bizbundle-ios-sample-objc_Example.debug.xcconfig */,
				AC153C7CD61F4FA79F8DF9EC /* Pods-tuya-bizbundle-ios-sample-objc_Example.release.xcconfig */,
			);
			path = Pods;
			sourceTree = "<group>";
		};
		E5C146B328BCC6C1005B20A2 /* LightScene */ = {
			isa = PBXGroup;
			children = (
				E5C146B428BCC7E0005B20A2 /* LightSceneListTableViewController.h */,
				E5C146B528BCC7E1005B20A2 /* LightSceneListTableViewController.m */,
			);
			path = LightScene;
			sourceTree = "<group>";
		};
/* End PBXGroup section */

/* Begin PBXNativeTarget section */
		6003F589195388D20070C39A /* tuya-bizbundle-ios-sample-objc_Example */ = {
			isa = PBXNativeTarget;
			buildConfigurationList = 6003F5BF195388D20070C39A /* Build configuration list for PBXNativeTarget "tuya-bizbundle-ios-sample-objc_Example" */;
			buildPhases = (
				2A2CC8EF82F84FC58618D4D8 /* [CP] Check Pods Manifest.lock */,
				6003F586195388D20070C39A /* Sources */,
				6003F587195388D20070C39A /* Frameworks */,
				6003F588195388D20070C39A /* Resources */,
				4503F5C08DC77EA0C647EA9A /* [CP] Embed Pods Frameworks */,
				E9592A3AAD6531EEE94FA7F8 /* [CP] Copy Pods Resources */,
			);
			buildRules = (
			);
			dependencies = (
			);
			name = "tuya-bizbundle-ios-sample-objc_Example";
			productName = "tuya-bizbundle-ios-sample-objc";
			productReference = 6003F58A195388D20070C39A /* tuya-bizbundle-ios-sample-objc_Example.app */;
			productType = "com.apple.product-type.application";
		};
		6003F5AD195388D20070C39A /* tuya-bizbundle-ios-sample-objc_Tests */ = {
			isa = PBXNativeTarget;
			buildConfigurationList = 6003F5C2195388D20070C39A /* Build configuration list for PBXNativeTarget "tuya-bizbundle-ios-sample-objc_Tests" */;
			buildPhases = (
				6003F5AA195388D20070C39A /* Sources */,
				6003F5AB195388D20070C39A /* Frameworks */,
				6003F5AC195388D20070C39A /* Resources */,
			);
			buildRules = (
			);
			dependencies = (
				6003F5B4195388D20070C39A /* PBXTargetDependency */,
			);
			name = "tuya-bizbundle-ios-sample-objc_Tests";
			productName = "tuya-bizbundle-ios-sample-objcTests";
			productReference = 6003F5AE195388D20070C39A /* tuya-bizbundle-ios-sample-objc_Tests.xctest */;
			productType = "com.apple.product-type.bundle.unit-test";
		};
/* End PBXNativeTarget section */

/* Begin PBXProject section */
		6003F582195388D10070C39A /* Project object */ = {
			isa = PBXProject;
			attributes = {
				CLASSPREFIX = TUYA;
				LastUpgradeCheck = 0720;
				ORGANIZATIONNAME = Tuya;
				TargetAttributes = {
					6003F589195388D20070C39A = {
						DevelopmentTeam = 94JFPTRDN5;
					};
					6003F5AD195388D20070C39A = {
						TestTargetID = 6003F589195388D20070C39A;
					};
				};
			};
			buildConfigurationList = 6003F585195388D10070C39A /* Build configuration list for PBXProject "tuya-bizbundle-ios-sample-objc" */;
			compatibilityVersion = "Xcode 3.2";
			developmentRegion = English;
			hasScannedForEncodings = 0;
			knownRegions = (
				English,
				en,
				Base,
				"zh-Hans",
			);
			mainGroup = 6003F581195388D10070C39A;
			productRefGroup = 6003F58B195388D20070C39A /* Products */;
			projectDirPath = "";
			projectRoot = "";
			targets = (
				6003F589195388D20070C39A /* tuya-bizbundle-ios-sample-objc_Example */,
				6003F5AD195388D20070C39A /* tuya-bizbundle-ios-sample-objc_Tests */,
			);
		};
/* End PBXProject section */

/* Begin PBXResourcesBuildPhase section */
		6003F588195388D20070C39A /* Resources */ = {
			isa = PBXResourcesBuildPhase;
			buildActionMask = 2147483647;
			files = (
				6003F5A9195388D20070C39A /* Images.xcassets in Resources */,
				59935D6F28A4A9CE000A12CE /* deviceDetailConfig.json in Resources */,
				E597051F28BE703200A5C43F /* LightSceneList.storyboard in Resources */,
				AFA329D425D0E3500065E54E /* Login.storyboard in Resources */,
				34D5CA0625EF967500C22B14 /* DeviceList.storyboard in Resources */,
				AFA329CD25D0E3500065E54E /* LaunchScreen.storyboard in Resources */,
				344EB67425F6132E00C115E2 /* SceneList.storyboard in Resources */,
				34D5CA1C25F0C14900C22B14 /* configList.json in Resources */,
				344EB66425F5FBF800C115E2 /* SwitchHome.storyboard in Resources */,
				AFA329D325D0E3500065E54E /* Main.storyboard in Resources */,
				AFA329D225D0E3500065E54E /* Register.storyboard in Resources */,
				AFA32A1225D0EBAB0065E54E /* Localizable.strings in Resources */,
				34D5C8F025EF65EC00C22B14 /* t_s.bmp in Resources */,
				344EB66D25F60DB400C115E2 /* TuyaSmartMain.storyboard in Resources */,
				6003F598195388D20070C39A /* InfoPlist.strings in Resources */,
				344EBA6825F64BA900C115E2 /* ty_custom_config.json in Resources */,
			);
			runOnlyForDeploymentPostprocessing = 0;
		};
		6003F5AC195388D20070C39A /* Resources */ = {
			isa = PBXResourcesBuildPhase;
			buildActionMask = 2147483647;
			files = (
			);
			runOnlyForDeploymentPostprocessing = 0;
		};
/* End PBXResourcesBuildPhase section */

/* Begin PBXShellScriptBuildPhase section */
		2A2CC8EF82F84FC58618D4D8 /* [CP] Check Pods Manifest.lock */ = {
			isa = PBXShellScriptBuildPhase;
			buildActionMask = 2147483647;
			files = (
			);
			inputFileListPaths = (
			);
			inputPaths = (
				"${PODS_PODFILE_DIR_PATH}/Podfile.lock",
				"${PODS_ROOT}/Manifest.lock",
			);
			name = "[CP] Check Pods Manifest.lock";
			outputFileListPaths = (
			);
			outputPaths = (
				"$(DERIVED_FILE_DIR)/Pods-tuya-bizbundle-ios-sample-objc_Example-checkManifestLockResult.txt",
			);
			runOnlyForDeploymentPostprocessing = 0;
			shellPath = /bin/sh;
			shellScript = "diff \"${PODS_PODFILE_DIR_PATH}/Podfile.lock\" \"${PODS_ROOT}/Manifest.lock\" > /dev/null\nif [ $? != 0 ] ; then\n    # print error to STDERR\n    echo \"error: The sandbox is not in sync with the Podfile.lock. Run 'pod install' or update your CocoaPods installation.\" >&2\n    exit 1\nfi\n# This output is used by Xcode 'outputs' to avoid re-running this script phase.\necho \"SUCCESS\" > \"${SCRIPT_OUTPUT_FILE_0}\"\n";
			showEnvVarsInLog = 0;
		};
		4503F5C08DC77EA0C647EA9A /* [CP] Embed Pods Frameworks */ = {
			isa = PBXShellScriptBuildPhase;
			buildActionMask = 2147483647;
			files = (
			);
			inputPaths = (
				"${PODS_ROOT}/Target Support Files/Pods-tuya-bizbundle-ios-sample-objc_Example/Pods-tuya-bizbundle-ios-sample-objc_Example-frameworks.sh",
				"${BUILT_PRODUCTS_DIR}/CocoaAsyncSocket/CocoaAsyncSocket.framework",
				"${BUILT_PRODUCTS_DIR}/DACircularProgress/DACircularProgress.framework",
				"${BUILT_PRODUCTS_DIR}/DoubleConversion/DoubleConversion.framework",
				"${BUILT_PRODUCTS_DIR}/EZAudio/EZAudio.framework",
				"${BUILT_PRODUCTS_DIR}/FLAnimatedImage/FLAnimatedImage.framework",
				"${BUILT_PRODUCTS_DIR}/FMDB/FMDB.framework",
				"${BUILT_PRODUCTS_DIR}/Folly/folly.framework",
				"${BUILT_PRODUCTS_DIR}/IQKeyboardManager/IQKeyboardManager.framework",
				"${BUILT_PRODUCTS_DIR}/MJRefresh/MJRefresh.framework",
				"${BUILT_PRODUCTS_DIR}/MMKV/MMKV.framework",
				"${BUILT_PRODUCTS_DIR}/MMKVCore/MMKVCore.framework",
				"${BUILT_PRODUCTS_DIR}/Masonry/Masonry.framework",
				"${BUILT_PRODUCTS_DIR}/Reachability/Reachability.framework",
				"${BUILT_PRODUCTS_DIR}/SQLCipher/SQLCipher.framework",
				"${BUILT_PRODUCTS_DIR}/SSZipArchive/SSZipArchive.framework",
				"${BUILT_PRODUCTS_DIR}/SVProgressHUD/SVProgressHUD.framework",
				"${BUILT_PRODUCTS_DIR}/TPCircularBuffer/TPCircularBuffer.framework",
				"${BUILT_PRODUCTS_DIR}/UICKeyChainStore/UICKeyChainStore.framework",
				"${BUILT_PRODUCTS_DIR}/YYModel/YYModel.framework",
				"${BUILT_PRODUCTS_DIR}/glog/glog.framework",
				"${BUILT_PRODUCTS_DIR}/libextobjc/libextobjc.framework",
				"${BUILT_PRODUCTS_DIR}/libwebp/libwebp.framework",
				"${BUILT_PRODUCTS_DIR}/lottie-ios/Lottie.framework",
				"${PODS_XCFRAMEWORKS_BUILD_DIR}/TYMbedtls/TYMbedtls.framework/TYMbedtls",
				"${PODS_XCFRAMEWORKS_BUILD_DIR}/TuyaAudioEngineSDK/TuyaAudioEngineSDK.framework/TuyaAudioEngineSDK",
				"${PODS_XCFRAMEWORKS_BUILD_DIR}/TuyaAvLoggerSDK/TuyaAvLoggerSDK.framework/TuyaAvLoggerSDK",
				"${PODS_XCFRAMEWORKS_BUILD_DIR}/TuyaCameraSDK/TuyaCameraSDK.framework/TuyaCameraSDK",
				"${PODS_XCFRAMEWORKS_BUILD_DIR}/TuyaCloudStorageSignatureTools/TuyaCloudStorageSignatureTools.framework/TuyaCloudStorageSignatureTools",
				"${PODS_XCFRAMEWORKS_BUILD_DIR}/TuyaFFmpegWrapper/TuyaFFmpegWrapper.framework/TuyaFFmpegWrapper",
				"${PODS_XCFRAMEWORKS_BUILD_DIR}/TuyaP2PSDK/TuyaP2PSDK.framework/TuyaP2PSDK",
				"${PODS_XCFRAMEWORKS_BUILD_DIR}/TuyaP2pFileTransSDK/TuyaP2pFileTransSDK.framework/TuyaP2pFileTransSDK",
				"${PODS_XCFRAMEWORKS_BUILD_DIR}/TuyaSmartQUIC/TuyaSmartQUIC.framework/TuyaSmartQUIC",
				"${PODS_XCFRAMEWORKS_BUILD_DIR}/TuyaSmartUtil/TuyaSmartUtil.framework/TuyaSmartUtil",
				"${PODS_XCFRAMEWORKS_BUILD_DIR}/TuyaVideoCodecSDK/TuyaVideoCodecSDK.framework/TuyaVideoCodecSDK",
			);
			name = "[CP] Embed Pods Frameworks";
			outputPaths = (
				"${TARGET_BUILD_DIR}/${FRAMEWORKS_FOLDER_PATH}/CocoaAsyncSocket.framework",
				"${TARGET_BUILD_DIR}/${FRAMEWORKS_FOLDER_PATH}/DACircularProgress.framework",
				"${TARGET_BUILD_DIR}/${FRAMEWORKS_FOLDER_PATH}/DoubleConversion.framework",
				"${TARGET_BUILD_DIR}/${FRAMEWORKS_FOLDER_PATH}/EZAudio.framework",
				"${TARGET_BUILD_DIR}/${FRAMEWORKS_FOLDER_PATH}/FLAnimatedImage.framework",
				"${TARGET_BUILD_DIR}/${FRAMEWORKS_FOLDER_PATH}/FMDB.framework",
				"${TARGET_BUILD_DIR}/${FRAMEWORKS_FOLDER_PATH}/folly.framework",
				"${TARGET_BUILD_DIR}/${FRAMEWORKS_FOLDER_PATH}/IQKeyboardManager.framework",
				"${TARGET_BUILD_DIR}/${FRAMEWORKS_FOLDER_PATH}/MJRefresh.framework",
				"${TARGET_BUILD_DIR}/${FRAMEWORKS_FOLDER_PATH}/MMKV.framework",
				"${TARGET_BUILD_DIR}/${FRAMEWORKS_FOLDER_PATH}/MMKVCore.framework",
				"${TARGET_BUILD_DIR}/${FRAMEWORKS_FOLDER_PATH}/Masonry.framework",
				"${TARGET_BUILD_DIR}/${FRAMEWORKS_FOLDER_PATH}/Reachability.framework",
				"${TARGET_BUILD_DIR}/${FRAMEWORKS_FOLDER_PATH}/SQLCipher.framework",
				"${TARGET_BUILD_DIR}/${FRAMEWORKS_FOLDER_PATH}/SSZipArchive.framework",
				"${TARGET_BUILD_DIR}/${FRAMEWORKS_FOLDER_PATH}/SVProgressHUD.framework",
				"${TARGET_BUILD_DIR}/${FRAMEWORKS_FOLDER_PATH}/TPCircularBuffer.framework",
				"${TARGET_BUILD_DIR}/${FRAMEWORKS_FOLDER_PATH}/UICKeyChainStore.framework",
				"${TARGET_BUILD_DIR}/${FRAMEWORKS_FOLDER_PATH}/YYModel.framework",
				"${TARGET_BUILD_DIR}/${FRAMEWORKS_FOLDER_PATH}/glog.framework",
				"${TARGET_BUILD_DIR}/${FRAMEWORKS_FOLDER_PATH}/libextobjc.framework",
				"${TARGET_BUILD_DIR}/${FRAMEWORKS_FOLDER_PATH}/libwebp.framework",
				"${TARGET_BUILD_DIR}/${FRAMEWORKS_FOLDER_PATH}/Lottie.framework",
				"${TARGET_BUILD_DIR}/${FRAMEWORKS_FOLDER_PATH}/TYMbedtls.framework",
				"${TARGET_BUILD_DIR}/${FRAMEWORKS_FOLDER_PATH}/TuyaAudioEngineSDK.framework",
				"${TARGET_BUILD_DIR}/${FRAMEWORKS_FOLDER_PATH}/TuyaAvLoggerSDK.framework",
				"${TARGET_BUILD_DIR}/${FRAMEWORKS_FOLDER_PATH}/TuyaCameraSDK.framework",
				"${TARGET_BUILD_DIR}/${FRAMEWORKS_FOLDER_PATH}/TuyaCloudStorageSignatureTools.framework",
				"${TARGET_BUILD_DIR}/${FRAMEWORKS_FOLDER_PATH}/TuyaFFmpegWrapper.framework",
				"${TARGET_BUILD_DIR}/${FRAMEWORKS_FOLDER_PATH}/TuyaP2PSDK.framework",
				"${TARGET_BUILD_DIR}/${FRAMEWORKS_FOLDER_PATH}/TuyaP2pFileTransSDK.framework",
				"${TARGET_BUILD_DIR}/${FRAMEWORKS_FOLDER_PATH}/TuyaSmartQUIC.framework",
				"${TARGET_BUILD_DIR}/${FRAMEWORKS_FOLDER_PATH}/TuyaSmartUtil.framework",
				"${TARGET_BUILD_DIR}/${FRAMEWORKS_FOLDER_PATH}/TuyaVideoCodecSDK.framework",
			);
			runOnlyForDeploymentPostprocessing = 0;
			shellPath = /bin/sh;
			shellScript = "\"${PODS_ROOT}/Target Support Files/Pods-tuya-bizbundle-ios-sample-objc_Example/Pods-tuya-bizbundle-ios-sample-objc_Example-frameworks.sh\"\n";
			showEnvVarsInLog = 0;
		};
		E9592A3AAD6531EEE94FA7F8 /* [CP] Copy Pods Resources */ = {
			isa = PBXShellScriptBuildPhase;
			buildActionMask = 2147483647;
			files = (
			);
			inputPaths = (
				"${PODS_ROOT}/Target Support Files/Pods-tuya-bizbundle-ios-sample-objc_Example/Pods-tuya-bizbundle-ios-sample-objc_Example-resources.sh",
				"${PODS_ROOT}/ATGestureLockView/Build/ATGestureLockView.xcframework/ios-arm64_armv7/ATGestureLockView.framework/CustomResources/Bundles/ATGestureLockView.bundle",
				"${PODS_ROOT}/GZLMiniAppCore_iOS/Build/GZLMiniAppCore_iOS.xcframework/ios-arm64_armv7/GZLMiniAppCore_iOS.framework/CustomResources/Assets/gzl_appInfo.js",
				"${PODS_ROOT}/GZLMiniAppCore_iOS/Build/GZLMiniAppCore_iOS.xcframework/ios-arm64_armv7/GZLMiniAppCore_iOS.framework/CustomResources/Assets/gzl_board_icon_device_setting.png",
				"${PODS_ROOT}/GZLMiniAppCore_iOS/Build/GZLMiniAppCore_iOS.xcframework/ios-arm64_armv7/GZLMiniAppCore_iOS.framework/CustomResources/Assets/gzl_board_icon_more_faq.png",
				"${PODS_ROOT}/GZLMiniAppCore_iOS/Build/GZLMiniAppCore_iOS.xcframework/ios-arm64_armv7/GZLMiniAppCore_iOS.framework/CustomResources/Assets/gzl_board_icon_more_refresh.png",
				"${PODS_ROOT}/GZLMiniAppCore_iOS/Build/GZLMiniAppCore_iOS.xcframework/ios-arm64_armv7/GZLMiniAppCore_iOS.framework/CustomResources/Assets/gzl_board_icon_more_settings.png",
				"${PODS_ROOT}/GZLMiniAppCore_iOS/Build/GZLMiniAppCore_iOS.xcframework/ios-arm64_armv7/GZLMiniAppCore_iOS.framework/CustomResources/Assets/gzl_capsule_close_light.png",
				"${PODS_ROOT}/GZLMiniAppCore_iOS/Build/GZLMiniAppCore_iOS.xcframework/ios-arm64_armv7/GZLMiniAppCore_iOS.framework/CustomResources/Assets/gzl_capsule_more_light.png",
				"${PODS_ROOT}/GZLMiniAppCore_iOS/Build/GZLMiniAppCore_iOS.xcframework/ios-arm64_armv7/GZLMiniAppCore_iOS.framework/CustomResources/Assets/gzl_const_logic.js",
				"${PODS_ROOT}/GZLMiniAppCore_iOS/Build/GZLMiniAppCore_iOS.xcframework/ios-arm64_armv7/GZLMiniAppCore_iOS.framework/CustomResources/Assets/gzl_const_ui.js",
				"${PODS_ROOT}/GZLMiniAppCore_iOS/Build/GZLMiniAppCore_iOS.xcframework/ios-arm64_armv7/GZLMiniAppCore_iOS.framework/CustomResources/Assets/gzl_debugEvent.js",
				"${PODS_ROOT}/GZLMiniAppCore_iOS/Build/GZLMiniAppCore_iOS.xcframework/ios-arm64_armv7/GZLMiniAppCore_iOS.framework/CustomResources/Assets/gzl_default_logo.png",
				"${PODS_ROOT}/GZLMiniAppCore_iOS/Build/GZLMiniAppCore_iOS.xcframework/ios-arm64_armv7/GZLMiniAppCore_iOS.framework/CustomResources/Assets/gzl_load.js",
				"${PODS_ROOT}/GZLMiniAppCore_iOS/Build/GZLMiniAppCore_iOS.xcframework/ios-arm64_armv7/GZLMiniAppCore_iOS.framework/CustomResources/Assets/gzl_loading_launchpage_dark.json",
				"${PODS_ROOT}/GZLMiniAppCore_iOS/Build/GZLMiniAppCore_iOS.xcframework/ios-arm64_armv7/GZLMiniAppCore_iOS.framework/CustomResources/Assets/gzl_loading_launchpage_light.json",
				"${PODS_ROOT}/GZLMiniAppCore_iOS/Build/GZLMiniAppCore_iOS.xcframework/ios-arm64_armv7/GZLMiniAppCore_iOS.framework/CustomResources/Assets/gzl_miniprogram_languages.strings",
				"${PODS_ROOT}/GZLMiniAppCore_iOS/Build/GZLMiniAppCore_iOS.xcframework/ios-arm64_armv7/GZLMiniAppCore_iOS.framework/CustomResources/Assets/gzl_navigationbar_back.png",
				"${PODS_ROOT}/GZLMiniAppCore_iOS/Build/GZLMiniAppCore_iOS.xcframework/ios-arm64_armv7/GZLMiniAppCore_iOS.framework/CustomResources/Assets/gzl_navigationbar_home.png",
				"${PODS_ROOT}/GZLMiniAppCore_iOS/Build/GZLMiniAppCore_iOS.xcframework/ios-arm64_armv7/GZLMiniAppCore_iOS.framework/CustomResources/Assets/gzl_page_data_empty.png",
				"${PODS_ROOT}/GZLMiniAppCore_iOS/Build/GZLMiniAppCore_iOS.xcframework/ios-arm64_armv7/GZLMiniAppCore_iOS.framework/CustomResources/Assets/gzl_page_data_error.png",
				"${PODS_ROOT}/GZLMiniAppCore_iOS/Build/GZLMiniAppCore_iOS.xcframework/ios-arm64_armv7/GZLMiniAppCore_iOS.framework/CustomResources/Assets/gzl_panel_page_loading.png",
				"${PODS_ROOT}/GZLMiniAppCore_iOS/Build/GZLMiniAppCore_iOS.xcframework/ios-arm64_armv7/GZLMiniAppCore_iOS.framework/CustomResources/Assets/en.lproj",
				"${PODS_ROOT}/GZLMiniAppCore_iOS/Build/GZLMiniAppCore_iOS.xcframework/ios-arm64_armv7/GZLMiniAppCore_iOS.framework/CustomResources/Assets/zh-Hans.lproj",
				"${PODS_ROOT}/TYAIFaceModule/TYAIFaceModule/Assets/ty_aiface_accept@2x.png",
				"${PODS_ROOT}/TYAIFaceModule/TYAIFaceModule/Assets/ty_aiface_accept@3x.png",
				"${PODS_ROOT}/TYAIFaceModule/TYAIFaceModule/Assets/ty_aiface_backImage@2x.png",
				"${PODS_ROOT}/TYAIFaceModule/TYAIFaceModule/Assets/ty_aiface_backImage@3x.png",
				"${PODS_ROOT}/TYAIFaceModule/TYAIFaceModule/Assets/ty_aiface_close@2x.png",
				"${PODS_ROOT}/TYAIFaceModule/TYAIFaceModule/Assets/ty_aiface_close@3x.png",
				"${PODS_ROOT}/TYAIFaceModule/TYAIFaceModule/Assets/ty_aiface_create_group@2x.png",
				"${PODS_ROOT}/TYAIFaceModule/TYAIFaceModule/Assets/ty_aiface_create_group@3x.png",
				"${PODS_ROOT}/TYAIFaceModule/TYAIFaceModule/Assets/ty_aiface_delete@2x.png",
				"${PODS_ROOT}/TYAIFaceModule/TYAIFaceModule/Assets/ty_aiface_delete@3x.png",
				"${PODS_ROOT}/TYAIFaceModule/TYAIFaceModule/Assets/ty_aiface_detail.png",
				"${PODS_ROOT}/TYAIFaceModule/TYAIFaceModule/Assets/ty_aiface_detail@2x.png",
				"${PODS_ROOT}/TYAIFaceModule/TYAIFaceModule/Assets/ty_aiface_detail@3x.png",
				"${PODS_ROOT}/TYAIFaceModule/TYAIFaceModule/Assets/ty_aiface_face_bg@2x.png",
				"${PODS_ROOT}/TYAIFaceModule/TYAIFaceModule/Assets/ty_aiface_face_bg@3x.png",
				"${PODS_ROOT}/TYAIFaceModule/TYAIFaceModule/Assets/ty_aiface_menu_bg@2x.png",
				"${PODS_ROOT}/TYAIFaceModule/TYAIFaceModule/Assets/ty_aiface_menu_bg@3x.png",
				"${PODS_ROOT}/TYAIFaceModule/TYAIFaceModule/Assets/ty_aiface_merge@2x.png",
				"${PODS_ROOT}/TYAIFaceModule/TYAIFaceModule/Assets/ty_aiface_merge@3x.png",
				"${PODS_ROOT}/TYAIFaceModule/TYAIFaceModule/Assets/ty_aiface_notify@2x.png",
				"${PODS_ROOT}/TYAIFaceModule/TYAIFaceModule/Assets/ty_aiface_notify@3x.png",
				"${PODS_ROOT}/TYAIFaceModule/TYAIFaceModule/Assets/ty_aiface_record_unselected@2x.png",
				"${PODS_ROOT}/TYAIFaceModule/TYAIFaceModule/Assets/ty_aiface_record_unselected@3x.png",
				"${PODS_ROOT}/TYAIFaceModule/TYAIFaceModule/Assets/ty_aiface_reject@2x.png",
				"${PODS_ROOT}/TYAIFaceModule/TYAIFaceModule/Assets/ty_aiface_reject@3x.png",
				"${PODS_ROOT}/TYAIFaceModule/TYAIFaceModule/Assets/ty_aiface_selected@2x.png",
				"${PODS_ROOT}/TYAIFaceModule/TYAIFaceModule/Assets/ty_aiface_selected@3x.png",
				"${PODS_ROOT}/TYAIFaceModule/TYAIFaceModule/Assets/ty_aiface_select_delete@2x.png",
				"${PODS_ROOT}/TYAIFaceModule/TYAIFaceModule/Assets/ty_aiface_select_delete@3x.png",
				"${PODS_ROOT}/TYAIFaceModule/TYAIFaceModule/Assets/ty_aiface_unselected@2x.png",
				"${PODS_ROOT}/TYAIFaceModule/TYAIFaceModule/Assets/ty_aiface_unselected@3x.png",
				"${PODS_ROOT}/TYActivatorModule/TYActivatorModule/Assets/Activator.bundle",
				"${PODS_CONFIGURATION_BUILD_DIR}/TYAlertView/TYAlertView.bundle",
				"${PODS_ROOT}/TYAutoTracker/TYAutoTracker/Assets/TYAutoTracker.bundle",
				"${PODS_CONFIGURATION_BUILD_DIR}/TYAvatarEditKit/TYCropViewControllerBundle.bundle",
				"${PODS_CONFIGURATION_BUILD_DIR}/TYCBTBaseKit/TYCBTBaseKit.bundle",
				"${PODS_CONFIGURATION_BUILD_DIR}/TYCBTDeviceKit/TYCBTDeviceKit.bundle",
				"${PODS_CONFIGURATION_BUILD_DIR}/TYCBTMapKit/TYCBTMapKit.bundle",
				"${PODS_CONFIGURATION_BUILD_DIR}/TYCBTP2PKit/TYCBTP2PKit.bundle",
				"${PODS_CONFIGURATION_BUILD_DIR}/TYCBTTYKit/TYCBTTYKit.bundle",
				"${PODS_CONFIGURATION_BUILD_DIR}/TYCameraDoorBellModule/TYCameraDoorBellModule.bundle",
				"${PODS_ROOT}/TYCameraPanelDeprecated/Build/TYCameraPanelDeprecated.xcframework/ios-arm64_armv7/TYCameraPanelDeprecated.framework/CustomResources/Bundles/TYCameraPanelDeprecated.bundle",
				"${PODS_CONFIGURATION_BUILD_DIR}/TYCameraPanelModule/TYCameraPanelModule.bundle",
				"${PODS_CONFIGURATION_BUILD_DIR}/TYCameraRNPanelContext/TYCameraRNPanelContext.bundle",
				"${PODS_CONFIGURATION_BUILD_DIR}/TYCameraSettingModule/TYCameraSettingModule.bundle",
				"${PODS_CONFIGURATION_BUILD_DIR}/TYCameraUIKit/TYCameraUIKit.bundle",
				"${PODS_CONFIGURATION_BUILD_DIR}/TYDeviceAccessoryManage/TYDeviceAccessoryManage.bundle",
				"${PODS_CONFIGURATION_BUILD_DIR}/TYDeviceDetailEdit/TYDeviceDetailEdit.bundle",
				"${PODS_CONFIGURATION_BUILD_DIR}/TYDeviceDetailModule/TYDeviceDetailModule.bundle",
				"${PODS_CONFIGURATION_BUILD_DIR}/TYDeviceDetectionNetwork/TYDeviceDetectionNetwork.bundle",
				"${PODS_ROOT}/TYDeviceListModule/TYDeviceListModule/Assets/TYDeviceListModule.bundle",
				"${PODS_CONFIGURATION_BUILD_DIR}/TYDeviceLocationManage/TYDeviceLocationManage.bundle",
				"${PODS_ROOT}/TYDeviceShareModule/TYDeviceShareModule/Assets/TYDeviceShareModule.bundle",
				"${PODS_ROOT}/TYFeedBackModule/TYFeedBackModule/Assets/Resource/at_feedback_bubble1@2x.png",
				"${PODS_ROOT}/TYFeedBackModule/TYFeedBackModule/Assets/Resource/at_feedback_bubble1@3x.png",
				"${PODS_ROOT}/TYFeedBackModule/TYFeedBackModule/Assets/Resource/at_feedback_bubble2@2x.png",
				"${PODS_ROOT}/TYFeedBackModule/TYFeedBackModule/Assets/Resource/at_feedback_bubble2@3x.png",
				"${PODS_ROOT}/TYFeedBackModule/TYFeedBackModule/Assets/Resource/at_feedback_send_fail@2x.png",
				"${PODS_ROOT}/TYFeedBackModule/TYFeedBackModule/Assets/Resource/at_feedback_send_fail@3x.png",
				"${PODS_ROOT}/TYFeedBackModule/TYFeedBackModule/Assets/Resource/ty_feedback_tyheadicon@2x.png",
				"${PODS_ROOT}/TYFeedBackModule/TYFeedBackModule/Assets/Resource/ty_feedback_tyheadicon@3x.png",
				"${PODS_CONFIGURATION_BUILD_DIR}/TYHybridContainer/TYHybridContainer.bundle",
				"${PODS_ROOT}/TYLightCommonUI/TYLightCommonUI/Assets/TYLightCommonUIRes.bundle",
				"${PODS_CONFIGURATION_BUILD_DIR}/TYLightCommonUI/TYLightCommonUI.bundle",
				"${PODS_CONFIGURATION_BUILD_DIR}/TYMapKit/TYMapKit.bundle",
				"${PODS_CONFIGURATION_BUILD_DIR}/TYMediaKit/TYMediaKit.bundle",
				"${PODS_CONFIGURATION_BUILD_DIR}/TYMessageCenterModule/TYMessageCenterModule.bundle",
				"${PODS_ROOT}/TYNavigationController/TYNavigationController/Assets/TYNavigationRes.bundle",
				"${PODS_CONFIGURATION_BUILD_DIR}/TYNetPoolModule/TYNetPoolModule.bundle",
				"${PODS_CONFIGURATION_BUILD_DIR}/TYOTAGeneralModule/TYOTAGeneralModule.bundle",
				"${PODS_CONFIGURATION_BUILD_DIR}/TYPanelContainer/TYPanelContainer.bundle",
				"${PODS_CONFIGURATION_BUILD_DIR}/TYPanelContext/TYPanelContext.bundle",
				"${PODS_ROOT}/TYPanelModule/TYPanelModule/Assets/H5/ty_item_selected@2x.png",
				"${PODS_ROOT}/TYPanelModule/TYPanelModule/Assets/H5/ty_item_selected@3x.png",
				"${PODS_ROOT}/TYPanelModule/TYPanelModule/Assets/H5/ty_lamp_hsl_circle@2x.png",
				"${PODS_ROOT}/TYPanelModule/TYPanelModule/Assets/H5/ty_lamp_hsl_circle@3x.png",
				"${PODS_ROOT}/TYPanelModule/TYPanelModule/Assets/Panel/CommonPanel/tysmart_add@2x.png",
				"${PODS_ROOT}/TYPanelModule/TYPanelModule/Assets/Panel/CommonPanel/tysmart_add@3x.png",
				"${PODS_ROOT}/TYPanelModule/TYPanelModule/Assets/Panel/CommonPanel/tysmart_more@2x.png",
				"${PODS_ROOT}/TYPanelModule/TYPanelModule/Assets/Panel/CommonPanel/tysmart_more@3x.png",
				"${PODS_ROOT}/TYPanelModule/TYPanelModule/Assets/Panel/CommonPanel/ty_panel_arrows@2x.png",
				"${PODS_ROOT}/TYPanelModule/TYPanelModule/Assets/Panel/CommonPanel/ty_panel_arrows@3x.png",
				"${PODS_ROOT}/TYPanelModule/TYPanelModule/Assets/Panel/CommonPanel/ty_panel_minus@2x.png",
				"${PODS_ROOT}/TYPanelModule/TYPanelModule/Assets/Panel/CommonPanel/ty_panel_minus@3x.png",
				"${PODS_ROOT}/TYPanelModule/TYPanelModule/Assets/Panel/CommonPanel/ty_panel_more@2x.png",
				"${PODS_ROOT}/TYPanelModule/TYPanelModule/Assets/Panel/CommonPanel/ty_panel_more@3x.png",
				"${PODS_ROOT}/TYPanelModule/TYPanelModule/Assets/Panel/CommonPanel/ty_panel_plus@2x.png",
				"${PODS_ROOT}/TYPanelModule/TYPanelModule/Assets/Panel/CommonPanel/ty_panel_plus@3x.png",
				"${PODS_ROOT}/TYPanelModule/TYPanelModule/Assets/Panel/CommonPanel/ty_panel_select@2x.png",
				"${PODS_ROOT}/TYPanelModule/TYPanelModule/Assets/Panel/CommonPanel/ty_panel_select@3x.png",
				"${PODS_ROOT}/TYPanelModule/TYPanelModule/Assets/Panel/panel_black_more@2x.png",
				"${PODS_ROOT}/TYPanelModule/TYPanelModule/Assets/Panel/panel_black_more@3x.png",
				"${PODS_ROOT}/TYPanelModule/TYPanelModule/Assets/Panel/panel_white_more@2x.png",
				"${PODS_ROOT}/TYPanelModule/TYPanelModule/Assets/Panel/panel_white_more@3x.png",
				"${PODS_ROOT}/TYPanelModule/TYPanelModule/Assets/Panel/ty_firmware_loading@2x.png",
				"${PODS_ROOT}/TYPanelModule/TYPanelModule/Assets/Panel/ty_firmware_loading@3x.png",
				"${PODS_CONFIGURATION_BUILD_DIR}/TYPanelSweeperUtil/TYPanelSweeperUtil.bundle",
				"${PODS_CONFIGURATION_BUILD_DIR}/TYPhotoLibraryModule/TYPhotoLibraryModule.bundle",
				"${PODS_CONFIGURATION_BUILD_DIR}/TYPrivacyAuthCheck/TYPrivacyAuthCheck.bundle",
				"${PODS_ROOT}/TYQRCodeModule/TYQRCodeModule/Assets/QRCode.bundle",
				"${PODS_CONFIGURATION_BUILD_DIR}/TYRCTKit/TYRCTKit.bundle",
				"${PODS_CONFIGURATION_BUILD_DIR}/TYRCTLaserMap/TYRCTLaserMap.bundle",
				"${PODS_ROOT}/TYRealClass/Build/TYRealClass.xcframework/ios-arm64_armv7/TYRealClass.framework/CustomResources/Bundles/TYOBC.bundle",
				"${PODS_CONFIGURATION_BUILD_DIR}/TYReleaseDebugger/ReleaseDebugger.bundle",
				"${PODS_ROOT}/TYSettingsModule/TYSettingsModule/Assets/TYSettingsModule.bundle",
				"${PODS_CONFIGURATION_BUILD_DIR}/TYSiriShortcutModule/TYSiriShortcutModule.bundle",
				"${PODS_ROOT}/TYSmartActionDialog/TYSmartActionDialog/Assets/TYSmartActionDialog.bundle",
				"${PODS_ROOT}/TYSmartBusinessLibrary/TYSmartBusinessLibrary/Assets/cell_view_arrow@2x.png",
				"${PODS_ROOT}/TYSmartBusinessLibrary/TYSmartBusinessLibrary/Assets/cell_view_arrow@3x.png",
				"${PODS_ROOT}/TYSmartBusinessLibrary/TYSmartBusinessLibrary/Assets/TPViews.bundle",
				"${PODS_ROOT}/TYSmartBusinessLibrary/TYSmartBusinessLibrary/Assets/TYSmartBusinessLibraryRes.bundle",
				"${PODS_CONFIGURATION_BUILD_DIR}/TYSmartBusinessMaskModule/TYSmartBusinessMask.bundle",
				"${PODS_ROOT}/TYSmartFamilyBizKit/TYSmartFamilyBizKit/Assets/TYSmartFamilyBizKit.bundle",
				"${PODS_CONFIGURATION_BUILD_DIR}/TYSmartFamilyDefaultUISkin/TYSmartFamilyDefaultUISkin.bundle",
				"${PODS_ROOT}/TYSmartGeofenceModule/TYSmartGeofenceModule/Assets/TYSmartGeofenceModule.bundle",
				"${PODS_ROOT}/TYSmartHouse/TYSmartHouse/Assets/indexList.bundle",
				"${PODS_ROOT}/TYSmartHouse/TYSmartHouse/Assets/TYSmartHouse.bundle",
				"${PODS_CONFIGURATION_BUILD_DIR}/TYSmartHouseDefaultUISkin/TYSmartHouseUISkin.bundle",
				"${PODS_ROOT}/TYSmartPushConfirmModule/Build/TYSmartPushConfirmModule.xcframework/ios-arm64_armv7/TYSmartPushConfirmModule.framework/CustomResources/Assets/tydoorbell.caf",
				"${PODS_ROOT}/TYSmartPushConfirmModule/Build/TYSmartPushConfirmModule.xcframework/ios-arm64_armv7/TYSmartPushConfirmModule.framework/CustomResources/Assets/tywarnbell.caf",
				"${PODS_ROOT}/TYSmartPushConfirmModule/Build/TYSmartPushConfirmModule.xcframework/ios-arm64_armv7/TYSmartPushConfirmModule.framework/CustomResources/Assets/tywarning.caf",
				"${PODS_ROOT}/TYSmartPushConfirmModule/Build/TYSmartPushConfirmModule.xcframework/ios-arm64_armv7/TYSmartPushConfirmModule.framework/CustomResources/Assets/tywarning_short.caf",
				"${PODS_ROOT}/TYSmartRoomDefaultUISkin/TYSmartRoomDefaultUISkin/Assets/TYSmartRoomDefaultUISkin.bundle",
				"${PODS_CONFIGURATION_BUILD_DIR}/TYSmartSceneDefaultUISkin/TYSmartSceneDefaultUISkin.bundle",
				"${PODS_ROOT}/TYSmartSceneModule/TYSmartSceneModule/Assets/TYSmartSceneModule.bundle",
				"${PODS_CONFIGURATION_BUILD_DIR}/TYSocialModule/TYSocialModule.bundle",
				"${PODS_CONFIGURATION_BUILD_DIR}/TYTTTMediaKit/TYTTTMediaKit.bundle",
				"${PODS_ROOT}/TYTimerModule/TYTimerModule/Assets/ty_timer_invalid_icon@2x.png",
				"${PODS_ROOT}/TYTimerModule/TYTimerModule/Assets/ty_timer_invalid_icon@3x.png",
				"${PODS_ROOT}/TYTimerModule/TYTimerModule/Assets/ty_timer_list_empty_icon@2x.png",
				"${PODS_ROOT}/TYTimerModule/TYTimerModule/Assets/ty_timer_list_empty_icon@3x.png",
				"${PODS_ROOT}/TYUIKit/TYUIKit/Assets/TYUIKitLibraryRes.bundle",
				"${PODS_CONFIGURATION_BUILD_DIR}/TYUniAPIRequestManager/TYUniAPIRequestManager.bundle",
				"${PODS_CONFIGURATION_BUILD_DIR}/TYUniAPMManager/TYUniAPMManager.bundle",
				"${PODS_CONFIGURATION_BUILD_DIR}/TYUniAccelerometerManager/TYUniAccelerometerManager.bundle",
				"${PODS_CONFIGURATION_BUILD_DIR}/TYUniAppInfoManager/TYUniAppInfoManager.bundle",
				"${PODS_CONFIGURATION_BUILD_DIR}/TYUniAuthorizeManager/TYUniAuthorizeManager.bundle",
				"${PODS_CONFIGURATION_BUILD_DIR}/TYUniBaseMiniProgramManager/TYUniBaseMiniProgramManager.bundle",
				"${PODS_CONFIGURATION_BUILD_DIR}/TYUniBluetoothManager/TYUniBluetoothManager.bundle",
				"${PODS_CONFIGURATION_BUILD_DIR}/TYUniCompassManager/TYUniCompassManager.bundle",
				"${PODS_CONFIGURATION_BUILD_DIR}/TYUniCountrySelectManager/TYUniCountrySelectManager.bundle",
				"${PODS_CONFIGURATION_BUILD_DIR}/TYUniDLMapManager/TYUniDLMapManager.bundle",
				"${PODS_CONFIGURATION_BUILD_DIR}/TYUniDLVideoManager/TYUniDLVideoManager.bundle",
				"${PODS_CONFIGURATION_BUILD_DIR}/TYUniDeviceActivationManager/TYUniDeviceActivationManager.bundle",
				"${PODS_CONFIGURATION_BUILD_DIR}/TYUniDeviceControlManager/TYUniDeviceControlManager.bundle",
				"${PODS_CONFIGURATION_BUILD_DIR}/TYUniDeviceDetailManager/TYUniDeviceDetailManager.bundle",
				"${PODS_CONFIGURATION_BUILD_DIR}/TYUniDeviceMotionManager/TYUniDeviceMotionManager.bundle",
				"${PODS_CONFIGURATION_BUILD_DIR}/TYUniFontManager/TYUniFontManager.bundle",
				"${PODS_CONFIGURATION_BUILD_DIR}/TYUniGroupControlManager/TYUniGroupControlManager.bundle",
				"${PODS_CONFIGURATION_BUILD_DIR}/TYUniGyroscopeManager/TYUniGyroscopeManager.bundle",
				"${PODS_CONFIGURATION_BUILD_DIR}/TYUniImageNetworkManager/TYUniImageNetworkManager.bundle",
				"${PODS_CONFIGURATION_BUILD_DIR}/TYUniImagePickerManager/TYUniImagePickerManager.bundle",
				"${PODS_CONFIGURATION_BUILD_DIR}/TYUniInteractionManager/TYUniInteractionManager.bundle",
				"${PODS_CONFIGURATION_BUILD_DIR}/TYUniLocalizationManager/TYUniLocalizationManager.bundle",
				"${PODS_CONFIGURATION_BUILD_DIR}/TYUniMemoryWarningManager/TYUniMemoryWarningManager.bundle",
				"${PODS_CONFIGURATION_BUILD_DIR}/TYUniNetworkManager/TYUniNetworkManager.bundle",
				"${PODS_CONFIGURATION_BUILD_DIR}/TYUniOTAManager/TYUniOTAManager.bundle",
				"${PODS_CONFIGURATION_BUILD_DIR}/TYUniOpenPageManager/TYUniOpenPageManager.bundle",
				"${PODS_CONFIGURATION_BUILD_DIR}/TYUniP2pFileManager/TYUniP2pFileManager.bundle",
				"${PODS_CONFIGURATION_BUILD_DIR}/TYUniPanelManager/TYUniPanelManager.bundle",
				"${PODS_CONFIGURATION_BUILD_DIR}/TYUniPhoneBluetoothManager/TYUniPhoneBluetoothManager.bundle",
				"${PODS_CONFIGURATION_BUILD_DIR}/TYUniPhoneNetworkManager/TYUniPhoneNetworkManager.bundle",
				"${PODS_CONFIGURATION_BUILD_DIR}/TYUniRecordingManager/TYUniRecordingManager.bundle",
				"${PODS_CONFIGURATION_BUILD_DIR}/TYUniRouterManager/TYUniRouterManager.bundle",
				"${PODS_CONFIGURATION_BUILD_DIR}/TYUniScanCodeManager/TYUniScanCodeManager.bundle",
				"${PODS_CONFIGURATION_BUILD_DIR}/TYUniShareManager/TYUniShareManager.bundle",
				"${PODS_CONFIGURATION_BUILD_DIR}/TYUniThingControlManager/TYUniThingControlManager.bundle",
				"${PODS_CONFIGURATION_BUILD_DIR}/TYUniUploadFileManager/TYUniUploadFileManager.bundle",
				"${PODS_CONFIGURATION_BUILD_DIR}/TYUniUtilsManager/TYUniUtilsManager.bundle",
				"${PODS_ROOT}/TYUrlPredefined/TYUrlPredefined/Assets/ty_route_config.json",
				"${PODS_ROOT}/TYValueAddedServiceModule/TYValueAddedServiceModule/Assets/TYValueAddedServiceModule.bundle",
				"${PODS_ROOT}/TYVideoCipper/Build/TYVideoCipper.xcframework/ios-arm64_armv7/TYVideoCipper.framework/CustomResources/Bundles/TYVideoCipper.bundle",
				"${PODS_ROOT}/TYVideoPlayer/Build/TYVideoPlayer.xcframework/ios-arm64_armv7/TYVideoPlayer.framework/CustomResources/Bundles/TYVideoPlayer.bundle",
				"${PODS_ROOT}/TZImagePickerController/Build/TZImagePickerController.xcframework/ios-arm64_armv7/TZImagePickerController.framework/CustomResources/Assets/TZImagePickerController.bundle",
				"${PODS_CONFIGURATION_BUILD_DIR}/TuyaAVSKit/TuyaAVSKit.bundle",
				"${PODS_CONFIGURATION_BUILD_DIR}/TuyaCommonUI/TuyaCommonUI.bundle",
				"${PODS_ROOT}/TuyaIntentKit/TuyaIntentKit-1.0.0/Assets/TuyaSceneIntent.intentdefinition",
				"${PODS_ROOT}/TuyaLightSceneBizBundle/TuyaLightSceneBizBundle/Assets/TuyaLightSceneBizBundle.bundle",
				"${PODS_CONFIGURATION_BUILD_DIR}/TuyaSmartActivatorBizBundle/TuyaSmartActivatorBizBundle.bundle",
				"${PODS_ROOT}/TuyaSmartBizCore/TuyaSmartBizCore/Assets/custom.json",
				"${PODS_ROOT}/TuyaSmartBizCore/TuyaSmartBizCore/Assets/TuyaSmartBizCore.bundle",
				"${PODS_CONFIGURATION_BUILD_DIR}/TuyaSmartCameraPanelBizBundle/TuyaSmartCameraPanelBizBundle.bundle",
				"${PODS_CONFIGURATION_BUILD_DIR}/TuyaSmartCameraRNPanelBizBundle/TuyaSmartCameraRNPanelBizBundle.bundle",
				"${PODS_CONFIGURATION_BUILD_DIR}/TuyaSmartCameraSettingBizBundle/TuyaSmartCameraSettingBizBundle.bundle",
				"${PODS_CONFIGURATION_BUILD_DIR}/TuyaSmartCloudServiceBizBundle/TuyaSmartCloudServiceBizBundle.bundle",
				"${PODS_CONFIGURATION_BUILD_DIR}/TuyaSmartDeviceDetailBizBundle/TuyaSmartDeviceDetailBizBundle.bundle",
				"${PODS_CONFIGURATION_BUILD_DIR}/TuyaSmartFamilyBizBundle/TuyaSmartFamilyBizBundle.bundle",
				"${PODS_CONFIGURATION_BUILD_DIR}/TuyaSmartHelpCenterBizBundle/TuyaSmartHelpCenterBizBundle.bundle",
				"${PODS_CONFIGURATION_BUILD_DIR}/TuyaSmartLightSceneBizBundle/TuyaSmartLightSceneBizBundle.bundle",
				"${PODS_CONFIGURATION_BUILD_DIR}/TuyaSmartMallBizBundle/TuyaSmartMallBizBundle.bundle",
				"${PODS_CONFIGURATION_BUILD_DIR}/TuyaSmartMessageBizBundle/TuyaSmartMessageBizBundle.bundle",
				"${PODS_ROOT}/TuyaSmartNetworkKit/Build/TuyaSmartNetworkKit.xcframework/ios-arm64_armv7/TuyaSmartNetworkKit.framework/CustomResources/Assets/cerficate_h2_local",
				"${PODS_ROOT}/TuyaSmartNetworkKit/Build/TuyaSmartNetworkKit.xcframework/ios-arm64_armv7/TuyaSmartNetworkKit.framework/CustomResources/Assets/cerficate_v2",
				"${PODS_ROOT}/TuyaSmartNetworkKit/Build/TuyaSmartNetworkKit.xcframework/ios-arm64_armv7/TuyaSmartNetworkKit.framework/CustomResources/Assets/cerficate_v3",
				"${PODS_ROOT}/TuyaSmartNetworkKit/Build/TuyaSmartNetworkKit.xcframework/ios-arm64_armv7/TuyaSmartNetworkKit.framework/CustomResources/Assets/h2.ca.der",
				"${PODS_ROOT}/TuyaSmartNetworkKit/Build/TuyaSmartNetworkKit.xcframework/ios-arm64_armv7/TuyaSmartNetworkKit.framework/CustomResources/Assets/tydomain_v1.tuyacfg",
				"${PODS_CONFIGURATION_BUILD_DIR}/TuyaSmartOTABizBundle/TuyaSmartOTABizBundle.bundle",
				"${PODS_CONFIGURATION_BUILD_DIR}/TuyaSmartPanelBizBundle/TuyaSmartPanelBizBundle.bundle",
				"${PODS_CONFIGURATION_BUILD_DIR}/TuyaSmartSceneBizBundle/TuyaSmartSceneBizBundle.bundle",
				"${PODS_CONFIGURATION_BUILD_DIR}/TuyaSmartSkillQuickBindBizBundle/TuyaSmartSkillQuickBindBizBundle.bundle",
			);
			name = "[CP] Copy Pods Resources";
			outputPaths = (
				"${TARGET_BUILD_DIR}/${UNLOCALIZED_RESOURCES_FOLDER_PATH}/ATGestureLockView.bundle",
				"${TARGET_BUILD_DIR}/${UNLOCALIZED_RESOURCES_FOLDER_PATH}/gzl_appInfo.js",
				"${TARGET_BUILD_DIR}/${UNLOCALIZED_RESOURCES_FOLDER_PATH}/gzl_board_icon_device_setting.png",
				"${TARGET_BUILD_DIR}/${UNLOCALIZED_RESOURCES_FOLDER_PATH}/gzl_board_icon_more_faq.png",
				"${TARGET_BUILD_DIR}/${UNLOCALIZED_RESOURCES_FOLDER_PATH}/gzl_board_icon_more_refresh.png",
				"${TARGET_BUILD_DIR}/${UNLOCALIZED_RESOURCES_FOLDER_PATH}/gzl_board_icon_more_settings.png",
				"${TARGET_BUILD_DIR}/${UNLOCALIZED_RESOURCES_FOLDER_PATH}/gzl_capsule_close_light.png",
				"${TARGET_BUILD_DIR}/${UNLOCALIZED_RESOURCES_FOLDER_PATH}/gzl_capsule_more_light.png",
				"${TARGET_BUILD_DIR}/${UNLOCALIZED_RESOURCES_FOLDER_PATH}/gzl_const_logic.js",
				"${TARGET_BUILD_DIR}/${UNLOCALIZED_RESOURCES_FOLDER_PATH}/gzl_const_ui.js",
				"${TARGET_BUILD_DIR}/${UNLOCALIZED_RESOURCES_FOLDER_PATH}/gzl_debugEvent.js",
				"${TARGET_BUILD_DIR}/${UNLOCALIZED_RESOURCES_FOLDER_PATH}/gzl_default_logo.png",
				"${TARGET_BUILD_DIR}/${UNLOCALIZED_RESOURCES_FOLDER_PATH}/gzl_load.js",
				"${TARGET_BUILD_DIR}/${UNLOCALIZED_RESOURCES_FOLDER_PATH}/gzl_loading_launchpage_dark.json",
				"${TARGET_BUILD_DIR}/${UNLOCALIZED_RESOURCES_FOLDER_PATH}/gzl_loading_launchpage_light.json",
				"${TARGET_BUILD_DIR}/${UNLOCALIZED_RESOURCES_FOLDER_PATH}/gzl_miniprogram_languages.strings",
				"${TARGET_BUILD_DIR}/${UNLOCALIZED_RESOURCES_FOLDER_PATH}/gzl_navigationbar_back.png",
				"${TARGET_BUILD_DIR}/${UNLOCALIZED_RESOURCES_FOLDER_PATH}/gzl_navigationbar_home.png",
				"${TARGET_BUILD_DIR}/${UNLOCALIZED_RESOURCES_FOLDER_PATH}/gzl_page_data_empty.png",
				"${TARGET_BUILD_DIR}/${UNLOCALIZED_RESOURCES_FOLDER_PATH}/gzl_page_data_error.png",
				"${TARGET_BUILD_DIR}/${UNLOCALIZED_RESOURCES_FOLDER_PATH}/gzl_panel_page_loading.png",
				"${TARGET_BUILD_DIR}/${UNLOCALIZED_RESOURCES_FOLDER_PATH}/en.lproj",
				"${TARGET_BUILD_DIR}/${UNLOCALIZED_RESOURCES_FOLDER_PATH}/zh-Hans.lproj",
				"${TARGET_BUILD_DIR}/${UNLOCALIZED_RESOURCES_FOLDER_PATH}/ty_aiface_accept@2x.png",
				"${TARGET_BUILD_DIR}/${UNLOCALIZED_RESOURCES_FOLDER_PATH}/ty_aiface_accept@3x.png",
				"${TARGET_BUILD_DIR}/${UNLOCALIZED_RESOURCES_FOLDER_PATH}/ty_aiface_backImage@2x.png",
				"${TARGET_BUILD_DIR}/${UNLOCALIZED_RESOURCES_FOLDER_PATH}/ty_aiface_backImage@3x.png",
				"${TARGET_BUILD_DIR}/${UNLOCALIZED_RESOURCES_FOLDER_PATH}/ty_aiface_close@2x.png",
				"${TARGET_BUILD_DIR}/${UNLOCALIZED_RESOURCES_FOLDER_PATH}/ty_aiface_close@3x.png",
				"${TARGET_BUILD_DIR}/${UNLOCALIZED_RESOURCES_FOLDER_PATH}/ty_aiface_create_group@2x.png",
				"${TARGET_BUILD_DIR}/${UNLOCALIZED_RESOURCES_FOLDER_PATH}/ty_aiface_create_group@3x.png",
				"${TARGET_BUILD_DIR}/${UNLOCALIZED_RESOURCES_FOLDER_PATH}/ty_aiface_delete@2x.png",
				"${TARGET_BUILD_DIR}/${UNLOCALIZED_RESOURCES_FOLDER_PATH}/ty_aiface_delete@3x.png",
				"${TARGET_BUILD_DIR}/${UNLOCALIZED_RESOURCES_FOLDER_PATH}/ty_aiface_detail.png",
				"${TARGET_BUILD_DIR}/${UNLOCALIZED_RESOURCES_FOLDER_PATH}/ty_aiface_detail@2x.png",
				"${TARGET_BUILD_DIR}/${UNLOCALIZED_RESOURCES_FOLDER_PATH}/ty_aiface_detail@3x.png",
				"${TARGET_BUILD_DIR}/${UNLOCALIZED_RESOURCES_FOLDER_PATH}/ty_aiface_face_bg@2x.png",
				"${TARGET_BUILD_DIR}/${UNLOCALIZED_RESOURCES_FOLDER_PATH}/ty_aiface_face_bg@3x.png",
				"${TARGET_BUILD_DIR}/${UNLOCALIZED_RESOURCES_FOLDER_PATH}/ty_aiface_menu_bg@2x.png",
				"${TARGET_BUILD_DIR}/${UNLOCALIZED_RESOURCES_FOLDER_PATH}/ty_aiface_menu_bg@3x.png",
				"${TARGET_BUILD_DIR}/${UNLOCALIZED_RESOURCES_FOLDER_PATH}/ty_aiface_merge@2x.png",
				"${TARGET_BUILD_DIR}/${UNLOCALIZED_RESOURCES_FOLDER_PATH}/ty_aiface_merge@3x.png",
				"${TARGET_BUILD_DIR}/${UNLOCALIZED_RESOURCES_FOLDER_PATH}/ty_aiface_notify@2x.png",
				"${TARGET_BUILD_DIR}/${UNLOCALIZED_RESOURCES_FOLDER_PATH}/ty_aiface_notify@3x.png",
				"${TARGET_BUILD_DIR}/${UNLOCALIZED_RESOURCES_FOLDER_PATH}/ty_aiface_record_unselected@2x.png",
				"${TARGET_BUILD_DIR}/${UNLOCALIZED_RESOURCES_FOLDER_PATH}/ty_aiface_record_unselected@3x.png",
				"${TARGET_BUILD_DIR}/${UNLOCALIZED_RESOURCES_FOLDER_PATH}/ty_aiface_reject@2x.png",
				"${TARGET_BUILD_DIR}/${UNLOCALIZED_RESOURCES_FOLDER_PATH}/ty_aiface_reject@3x.png",
				"${TARGET_BUILD_DIR}/${UNLOCALIZED_RESOURCES_FOLDER_PATH}/ty_aiface_selected@2x.png",
				"${TARGET_BUILD_DIR}/${UNLOCALIZED_RESOURCES_FOLDER_PATH}/ty_aiface_selected@3x.png",
				"${TARGET_BUILD_DIR}/${UNLOCALIZED_RESOURCES_FOLDER_PATH}/ty_aiface_select_delete@2x.png",
				"${TARGET_BUILD_DIR}/${UNLOCALIZED_RESOURCES_FOLDER_PATH}/ty_aiface_select_delete@3x.png",
				"${TARGET_BUILD_DIR}/${UNLOCALIZED_RESOURCES_FOLDER_PATH}/ty_aiface_unselected@2x.png",
				"${TARGET_BUILD_DIR}/${UNLOCALIZED_RESOURCES_FOLDER_PATH}/ty_aiface_unselected@3x.png",
				"${TARGET_BUILD_DIR}/${UNLOCALIZED_RESOURCES_FOLDER_PATH}/Activator.bundle",
				"${TARGET_BUILD_DIR}/${UNLOCALIZED_RESOURCES_FOLDER_PATH}/TYAlertView.bundle",
				"${TARGET_BUILD_DIR}/${UNLOCALIZED_RESOURCES_FOLDER_PATH}/TYAutoTracker.bundle",
				"${TARGET_BUILD_DIR}/${UNLOCALIZED_RESOURCES_FOLDER_PATH}/TYCropViewControllerBundle.bundle",
				"${TARGET_BUILD_DIR}/${UNLOCALIZED_RESOURCES_FOLDER_PATH}/TYCBTBaseKit.bundle",
				"${TARGET_BUILD_DIR}/${UNLOCALIZED_RESOURCES_FOLDER_PATH}/TYCBTDeviceKit.bundle",
				"${TARGET_BUILD_DIR}/${UNLOCALIZED_RESOURCES_FOLDER_PATH}/TYCBTMapKit.bundle",
				"${TARGET_BUILD_DIR}/${UNLOCALIZED_RESOURCES_FOLDER_PATH}/TYCBTP2PKit.bundle",
				"${TARGET_BUILD_DIR}/${UNLOCALIZED_RESOURCES_FOLDER_PATH}/TYCBTTYKit.bundle",
				"${TARGET_BUILD_DIR}/${UNLOCALIZED_RESOURCES_FOLDER_PATH}/TYCameraDoorBellModule.bundle",
				"${TARGET_BUILD_DIR}/${UNLOCALIZED_RESOURCES_FOLDER_PATH}/TYCameraPanelDeprecated.bundle",
				"${TARGET_BUILD_DIR}/${UNLOCALIZED_RESOURCES_FOLDER_PATH}/TYCameraPanelModule.bundle",
				"${TARGET_BUILD_DIR}/${UNLOCALIZED_RESOURCES_FOLDER_PATH}/TYCameraRNPanelContext.bundle",
				"${TARGET_BUILD_DIR}/${UNLOCALIZED_RESOURCES_FOLDER_PATH}/TYCameraSettingModule.bundle",
				"${TARGET_BUILD_DIR}/${UNLOCALIZED_RESOURCES_FOLDER_PATH}/TYCameraUIKit.bundle",
				"${TARGET_BUILD_DIR}/${UNLOCALIZED_RESOURCES_FOLDER_PATH}/TYDeviceAccessoryManage.bundle",
				"${TARGET_BUILD_DIR}/${UNLOCALIZED_RESOURCES_FOLDER_PATH}/TYDeviceDetailEdit.bundle",
				"${TARGET_BUILD_DIR}/${UNLOCALIZED_RESOURCES_FOLDER_PATH}/TYDeviceDetailModule.bundle",
				"${TARGET_BUILD_DIR}/${UNLOCALIZED_RESOURCES_FOLDER_PATH}/TYDeviceDetectionNetwork.bundle",
				"${TARGET_BUILD_DIR}/${UNLOCALIZED_RESOURCES_FOLDER_PATH}/TYDeviceListModule.bundle",
				"${TARGET_BUILD_DIR}/${UNLOCALIZED_RESOURCES_FOLDER_PATH}/TYDeviceLocationManage.bundle",
				"${TARGET_BUILD_DIR}/${UNLOCALIZED_RESOURCES_FOLDER_PATH}/TYDeviceShareModule.bundle",
				"${TARGET_BUILD_DIR}/${UNLOCALIZED_RESOURCES_FOLDER_PATH}/at_feedback_bubble1@2x.png",
				"${TARGET_BUILD_DIR}/${UNLOCALIZED_RESOURCES_FOLDER_PATH}/at_feedback_bubble1@3x.png",
				"${TARGET_BUILD_DIR}/${UNLOCALIZED_RESOURCES_FOLDER_PATH}/at_feedback_bubble2@2x.png",
				"${TARGET_BUILD_DIR}/${UNLOCALIZED_RESOURCES_FOLDER_PATH}/at_feedback_bubble2@3x.png",
				"${TARGET_BUILD_DIR}/${UNLOCALIZED_RESOURCES_FOLDER_PATH}/at_feedback_send_fail@2x.png",
				"${TARGET_BUILD_DIR}/${UNLOCALIZED_RESOURCES_FOLDER_PATH}/at_feedback_send_fail@3x.png",
				"${TARGET_BUILD_DIR}/${UNLOCALIZED_RESOURCES_FOLDER_PATH}/ty_feedback_tyheadicon@2x.png",
				"${TARGET_BUILD_DIR}/${UNLOCALIZED_RESOURCES_FOLDER_PATH}/ty_feedback_tyheadicon@3x.png",
				"${TARGET_BUILD_DIR}/${UNLOCALIZED_RESOURCES_FOLDER_PATH}/TYHybridContainer.bundle",
				"${TARGET_BUILD_DIR}/${UNLOCALIZED_RESOURCES_FOLDER_PATH}/TYLightCommonUIRes.bundle",
				"${TARGET_BUILD_DIR}/${UNLOCALIZED_RESOURCES_FOLDER_PATH}/TYLightCommonUI.bundle",
				"${TARGET_BUILD_DIR}/${UNLOCALIZED_RESOURCES_FOLDER_PATH}/TYMapKit.bundle",
				"${TARGET_BUILD_DIR}/${UNLOCALIZED_RESOURCES_FOLDER_PATH}/TYMediaKit.bundle",
				"${TARGET_BUILD_DIR}/${UNLOCALIZED_RESOURCES_FOLDER_PATH}/TYMessageCenterModule.bundle",
				"${TARGET_BUILD_DIR}/${UNLOCALIZED_RESOURCES_FOLDER_PATH}/TYNavigationRes.bundle",
				"${TARGET_BUILD_DIR}/${UNLOCALIZED_RESOURCES_FOLDER_PATH}/TYNetPoolModule.bundle",
				"${TARGET_BUILD_DIR}/${UNLOCALIZED_RESOURCES_FOLDER_PATH}/TYOTAGeneralModule.bundle",
				"${TARGET_BUILD_DIR}/${UNLOCALIZED_RESOURCES_FOLDER_PATH}/TYPanelContainer.bundle",
				"${TARGET_BUILD_DIR}/${UNLOCALIZED_RESOURCES_FOLDER_PATH}/TYPanelContext.bundle",
				"${TARGET_BUILD_DIR}/${UNLOCALIZED_RESOURCES_FOLDER_PATH}/ty_item_selected@2x.png",
				"${TARGET_BUILD_DIR}/${UNLOCALIZED_RESOURCES_FOLDER_PATH}/ty_item_selected@3x.png",
				"${TARGET_BUILD_DIR}/${UNLOCALIZED_RESOURCES_FOLDER_PATH}/ty_lamp_hsl_circle@2x.png",
				"${TARGET_BUILD_DIR}/${UNLOCALIZED_RESOURCES_FOLDER_PATH}/ty_lamp_hsl_circle@3x.png",
				"${TARGET_BUILD_DIR}/${UNLOCALIZED_RESOURCES_FOLDER_PATH}/tysmart_add@2x.png",
				"${TARGET_BUILD_DIR}/${UNLOCALIZED_RESOURCES_FOLDER_PATH}/tysmart_add@3x.png",
				"${TARGET_BUILD_DIR}/${UNLOCALIZED_RESOURCES_FOLDER_PATH}/tysmart_more@2x.png",
				"${TARGET_BUILD_DIR}/${UNLOCALIZED_RESOURCES_FOLDER_PATH}/tysmart_more@3x.png",
				"${TARGET_BUILD_DIR}/${UNLOCALIZED_RESOURCES_FOLDER_PATH}/ty_panel_arrows@2x.png",
				"${TARGET_BUILD_DIR}/${UNLOCALIZED_RESOURCES_FOLDER_PATH}/ty_panel_arrows@3x.png",
				"${TARGET_BUILD_DIR}/${UNLOCALIZED_RESOURCES_FOLDER_PATH}/ty_panel_minus@2x.png",
				"${TARGET_BUILD_DIR}/${UNLOCALIZED_RESOURCES_FOLDER_PATH}/ty_panel_minus@3x.png",
				"${TARGET_BUILD_DIR}/${UNLOCALIZED_RESOURCES_FOLDER_PATH}/ty_panel_more@2x.png",
				"${TARGET_BUILD_DIR}/${UNLOCALIZED_RESOURCES_FOLDER_PATH}/ty_panel_more@3x.png",
				"${TARGET_BUILD_DIR}/${UNLOCALIZED_RESOURCES_FOLDER_PATH}/ty_panel_plus@2x.png",
				"${TARGET_BUILD_DIR}/${UNLOCALIZED_RESOURCES_FOLDER_PATH}/ty_panel_plus@3x.png",
				"${TARGET_BUILD_DIR}/${UNLOCALIZED_RESOURCES_FOLDER_PATH}/ty_panel_select@2x.png",
				"${TARGET_BUILD_DIR}/${UNLOCALIZED_RESOURCES_FOLDER_PATH}/ty_panel_select@3x.png",
				"${TARGET_BUILD_DIR}/${UNLOCALIZED_RESOURCES_FOLDER_PATH}/panel_black_more@2x.png",
				"${TARGET_BUILD_DIR}/${UNLOCALIZED_RESOURCES_FOLDER_PATH}/panel_black_more@3x.png",
				"${TARGET_BUILD_DIR}/${UNLOCALIZED_RESOURCES_FOLDER_PATH}/panel_white_more@2x.png",
				"${TARGET_BUILD_DIR}/${UNLOCALIZED_RESOURCES_FOLDER_PATH}/panel_white_more@3x.png",
				"${TARGET_BUILD_DIR}/${UNLOCALIZED_RESOURCES_FOLDER_PATH}/ty_firmware_loading@2x.png",
				"${TARGET_BUILD_DIR}/${UNLOCALIZED_RESOURCES_FOLDER_PATH}/ty_firmware_loading@3x.png",
				"${TARGET_BUILD_DIR}/${UNLOCALIZED_RESOURCES_FOLDER_PATH}/TYPanelSweeperUtil.bundle",
				"${TARGET_BUILD_DIR}/${UNLOCALIZED_RESOURCES_FOLDER_PATH}/TYPhotoLibraryModule.bundle",
				"${TARGET_BUILD_DIR}/${UNLOCALIZED_RESOURCES_FOLDER_PATH}/TYPrivacyAuthCheck.bundle",
				"${TARGET_BUILD_DIR}/${UNLOCALIZED_RESOURCES_FOLDER_PATH}/QRCode.bundle",
				"${TARGET_BUILD_DIR}/${UNLOCALIZED_RESOURCES_FOLDER_PATH}/TYRCTKit.bundle",
				"${TARGET_BUILD_DIR}/${UNLOCALIZED_RESOURCES_FOLDER_PATH}/TYRCTLaserMap.bundle",
				"${TARGET_BUILD_DIR}/${UNLOCALIZED_RESOURCES_FOLDER_PATH}/TYOBC.bundle",
				"${TARGET_BUILD_DIR}/${UNLOCALIZED_RESOURCES_FOLDER_PATH}/ReleaseDebugger.bundle",
				"${TARGET_BUILD_DIR}/${UNLOCALIZED_RESOURCES_FOLDER_PATH}/TYSettingsModule.bundle",
				"${TARGET_BUILD_DIR}/${UNLOCALIZED_RESOURCES_FOLDER_PATH}/TYSiriShortcutModule.bundle",
				"${TARGET_BUILD_DIR}/${UNLOCALIZED_RESOURCES_FOLDER_PATH}/TYSmartActionDialog.bundle",
				"${TARGET_BUILD_DIR}/${UNLOCALIZED_RESOURCES_FOLDER_PATH}/cell_view_arrow@2x.png",
				"${TARGET_BUILD_DIR}/${UNLOCALIZED_RESOURCES_FOLDER_PATH}/cell_view_arrow@3x.png",
				"${TARGET_BUILD_DIR}/${UNLOCALIZED_RESOURCES_FOLDER_PATH}/TPViews.bundle",
				"${TARGET_BUILD_DIR}/${UNLOCALIZED_RESOURCES_FOLDER_PATH}/TYSmartBusinessLibraryRes.bundle",
				"${TARGET_BUILD_DIR}/${UNLOCALIZED_RESOURCES_FOLDER_PATH}/TYSmartBusinessMask.bundle",
				"${TARGET_BUILD_DIR}/${UNLOCALIZED_RESOURCES_FOLDER_PATH}/TYSmartFamilyBizKit.bundle",
				"${TARGET_BUILD_DIR}/${UNLOCALIZED_RESOURCES_FOLDER_PATH}/TYSmartFamilyDefaultUISkin.bundle",
				"${TARGET_BUILD_DIR}/${UNLOCALIZED_RESOURCES_FOLDER_PATH}/TYSmartGeofenceModule.bundle",
				"${TARGET_BUILD_DIR}/${UNLOCALIZED_RESOURCES_FOLDER_PATH}/indexList.bundle",
				"${TARGET_BUILD_DIR}/${UNLOCALIZED_RESOURCES_FOLDER_PATH}/TYSmartHouse.bundle",
				"${TARGET_BUILD_DIR}/${UNLOCALIZED_RESOURCES_FOLDER_PATH}/TYSmartHouseUISkin.bundle",
				"${TARGET_BUILD_DIR}/${UNLOCALIZED_RESOURCES_FOLDER_PATH}/tydoorbell.caf",
				"${TARGET_BUILD_DIR}/${UNLOCALIZED_RESOURCES_FOLDER_PATH}/tywarnbell.caf",
				"${TARGET_BUILD_DIR}/${UNLOCALIZED_RESOURCES_FOLDER_PATH}/tywarning.caf",
				"${TARGET_BUILD_DIR}/${UNLOCALIZED_RESOURCES_FOLDER_PATH}/tywarning_short.caf",
				"${TARGET_BUILD_DIR}/${UNLOCALIZED_RESOURCES_FOLDER_PATH}/TYSmartRoomDefaultUISkin.bundle",
				"${TARGET_BUILD_DIR}/${UNLOCALIZED_RESOURCES_FOLDER_PATH}/TYSmartSceneDefaultUISkin.bundle",
				"${TARGET_BUILD_DIR}/${UNLOCALIZED_RESOURCES_FOLDER_PATH}/TYSmartSceneModule.bundle",
				"${TARGET_BUILD_DIR}/${UNLOCALIZED_RESOURCES_FOLDER_PATH}/TYSocialModule.bundle",
				"${TARGET_BUILD_DIR}/${UNLOCALIZED_RESOURCES_FOLDER_PATH}/TYTTTMediaKit.bundle",
				"${TARGET_BUILD_DIR}/${UNLOCALIZED_RESOURCES_FOLDER_PATH}/ty_timer_invalid_icon@2x.png",
				"${TARGET_BUILD_DIR}/${UNLOCALIZED_RESOURCES_FOLDER_PATH}/ty_timer_invalid_icon@3x.png",
				"${TARGET_BUILD_DIR}/${UNLOCALIZED_RESOURCES_FOLDER_PATH}/ty_timer_list_empty_icon@2x.png",
				"${TARGET_BUILD_DIR}/${UNLOCALIZED_RESOURCES_FOLDER_PATH}/ty_timer_list_empty_icon@3x.png",
				"${TARGET_BUILD_DIR}/${UNLOCALIZED_RESOURCES_FOLDER_PATH}/TYUIKitLibraryRes.bundle",
				"${TARGET_BUILD_DIR}/${UNLOCALIZED_RESOURCES_FOLDER_PATH}/TYUniAPIRequestManager.bundle",
				"${TARGET_BUILD_DIR}/${UNLOCALIZED_RESOURCES_FOLDER_PATH}/TYUniAPMManager.bundle",
				"${TARGET_BUILD_DIR}/${UNLOCALIZED_RESOURCES_FOLDER_PATH}/TYUniAccelerometerManager.bundle",
				"${TARGET_BUILD_DIR}/${UNLOCALIZED_RESOURCES_FOLDER_PATH}/TYUniAppInfoManager.bundle",
				"${TARGET_BUILD_DIR}/${UNLOCALIZED_RESOURCES_FOLDER_PATH}/TYUniAuthorizeManager.bundle",
				"${TARGET_BUILD_DIR}/${UNLOCALIZED_RESOURCES_FOLDER_PATH}/TYUniBaseMiniProgramManager.bundle",
				"${TARGET_BUILD_DIR}/${UNLOCALIZED_RESOURCES_FOLDER_PATH}/TYUniBluetoothManager.bundle",
				"${TARGET_BUILD_DIR}/${UNLOCALIZED_RESOURCES_FOLDER_PATH}/TYUniCompassManager.bundle",
				"${TARGET_BUILD_DIR}/${UNLOCALIZED_RESOURCES_FOLDER_PATH}/TYUniCountrySelectManager.bundle",
				"${TARGET_BUILD_DIR}/${UNLOCALIZED_RESOURCES_FOLDER_PATH}/TYUniDLMapManager.bundle",
				"${TARGET_BUILD_DIR}/${UNLOCALIZED_RESOURCES_FOLDER_PATH}/TYUniDLVideoManager.bundle",
				"${TARGET_BUILD_DIR}/${UNLOCALIZED_RESOURCES_FOLDER_PATH}/TYUniDeviceActivationManager.bundle",
				"${TARGET_BUILD_DIR}/${UNLOCALIZED_RESOURCES_FOLDER_PATH}/TYUniDeviceControlManager.bundle",
				"${TARGET_BUILD_DIR}/${UNLOCALIZED_RESOURCES_FOLDER_PATH}/TYUniDeviceDetailManager.bundle",
				"${TARGET_BUILD_DIR}/${UNLOCALIZED_RESOURCES_FOLDER_PATH}/TYUniDeviceMotionManager.bundle",
				"${TARGET_BUILD_DIR}/${UNLOCALIZED_RESOURCES_FOLDER_PATH}/TYUniFontManager.bundle",
				"${TARGET_BUILD_DIR}/${UNLOCALIZED_RESOURCES_FOLDER_PATH}/TYUniGroupControlManager.bundle",
				"${TARGET_BUILD_DIR}/${UNLOCALIZED_RESOURCES_FOLDER_PATH}/TYUniGyroscopeManager.bundle",
				"${TARGET_BUILD_DIR}/${UNLOCALIZED_RESOURCES_FOLDER_PATH}/TYUniImageNetworkManager.bundle",
				"${TARGET_BUILD_DIR}/${UNLOCALIZED_RESOURCES_FOLDER_PATH}/TYUniImagePickerManager.bundle",
				"${TARGET_BUILD_DIR}/${UNLOCALIZED_RESOURCES_FOLDER_PATH}/TYUniInteractionManager.bundle",
				"${TARGET_BUILD_DIR}/${UNLOCALIZED_RESOURCES_FOLDER_PATH}/TYUniLocalizationManager.bundle",
				"${TARGET_BUILD_DIR}/${UNLOCALIZED_RESOURCES_FOLDER_PATH}/TYUniMemoryWarningManager.bundle",
				"${TARGET_BUILD_DIR}/${UNLOCALIZED_RESOURCES_FOLDER_PATH}/TYUniNetworkManager.bundle",
				"${TARGET_BUILD_DIR}/${UNLOCALIZED_RESOURCES_FOLDER_PATH}/TYUniOTAManager.bundle",
				"${TARGET_BUILD_DIR}/${UNLOCALIZED_RESOURCES_FOLDER_PATH}/TYUniOpenPageManager.bundle",
				"${TARGET_BUILD_DIR}/${UNLOCALIZED_RESOURCES_FOLDER_PATH}/TYUniP2pFileManager.bundle",
				"${TARGET_BUILD_DIR}/${UNLOCALIZED_RESOURCES_FOLDER_PATH}/TYUniPanelManager.bundle",
				"${TARGET_BUILD_DIR}/${UNLOCALIZED_RESOURCES_FOLDER_PATH}/TYUniPhoneBluetoothManager.bundle",
				"${TARGET_BUILD_DIR}/${UNLOCALIZED_RESOURCES_FOLDER_PATH}/TYUniPhoneNetworkManager.bundle",
				"${TARGET_BUILD_DIR}/${UNLOCALIZED_RESOURCES_FOLDER_PATH}/TYUniRecordingManager.bundle",
				"${TARGET_BUILD_DIR}/${UNLOCALIZED_RESOURCES_FOLDER_PATH}/TYUniRouterManager.bundle",
				"${TARGET_BUILD_DIR}/${UNLOCALIZED_RESOURCES_FOLDER_PATH}/TYUniScanCodeManager.bundle",
				"${TARGET_BUILD_DIR}/${UNLOCALIZED_RESOURCES_FOLDER_PATH}/TYUniShareManager.bundle",
				"${TARGET_BUILD_DIR}/${UNLOCALIZED_RESOURCES_FOLDER_PATH}/TYUniThingControlManager.bundle",
				"${TARGET_BUILD_DIR}/${UNLOCALIZED_RESOURCES_FOLDER_PATH}/TYUniUploadFileManager.bundle",
				"${TARGET_BUILD_DIR}/${UNLOCALIZED_RESOURCES_FOLDER_PATH}/TYUniUtilsManager.bundle",
				"${TARGET_BUILD_DIR}/${UNLOCALIZED_RESOURCES_FOLDER_PATH}/ty_route_config.json",
				"${TARGET_BUILD_DIR}/${UNLOCALIZED_RESOURCES_FOLDER_PATH}/TYValueAddedServiceModule.bundle",
				"${TARGET_BUILD_DIR}/${UNLOCALIZED_RESOURCES_FOLDER_PATH}/TYVideoCipper.bundle",
				"${TARGET_BUILD_DIR}/${UNLOCALIZED_RESOURCES_FOLDER_PATH}/TYVideoPlayer.bundle",
				"${TARGET_BUILD_DIR}/${UNLOCALIZED_RESOURCES_FOLDER_PATH}/TZImagePickerController.bundle",
				"${TARGET_BUILD_DIR}/${UNLOCALIZED_RESOURCES_FOLDER_PATH}/TuyaAVSKit.bundle",
				"${TARGET_BUILD_DIR}/${UNLOCALIZED_RESOURCES_FOLDER_PATH}/TuyaCommonUI.bundle",
				"${TARGET_BUILD_DIR}/${UNLOCALIZED_RESOURCES_FOLDER_PATH}/TuyaSceneIntent.intentdefinition",
				"${TARGET_BUILD_DIR}/${UNLOCALIZED_RESOURCES_FOLDER_PATH}/TuyaLightSceneBizBundle.bundle",
				"${TARGET_BUILD_DIR}/${UNLOCALIZED_RESOURCES_FOLDER_PATH}/TuyaSmartActivatorBizBundle.bundle",
				"${TARGET_BUILD_DIR}/${UNLOCALIZED_RESOURCES_FOLDER_PATH}/custom.json",
				"${TARGET_BUILD_DIR}/${UNLOCALIZED_RESOURCES_FOLDER_PATH}/TuyaSmartBizCore.bundle",
				"${TARGET_BUILD_DIR}/${UNLOCALIZED_RESOURCES_FOLDER_PATH}/TuyaSmartCameraPanelBizBundle.bundle",
				"${TARGET_BUILD_DIR}/${UNLOCALIZED_RESOURCES_FOLDER_PATH}/TuyaSmartCameraRNPanelBizBundle.bundle",
				"${TARGET_BUILD_DIR}/${UNLOCALIZED_RESOURCES_FOLDER_PATH}/TuyaSmartCameraSettingBizBundle.bundle",
				"${TARGET_BUILD_DIR}/${UNLOCALIZED_RESOURCES_FOLDER_PATH}/TuyaSmartCloudServiceBizBundle.bundle",
				"${TARGET_BUILD_DIR}/${UNLOCALIZED_RESOURCES_FOLDER_PATH}/TuyaSmartDeviceDetailBizBundle.bundle",
				"${TARGET_BUILD_DIR}/${UNLOCALIZED_RESOURCES_FOLDER_PATH}/TuyaSmartFamilyBizBundle.bundle",
				"${TARGET_BUILD_DIR}/${UNLOCALIZED_RESOURCES_FOLDER_PATH}/TuyaSmartHelpCenterBizBundle.bundle",
				"${TARGET_BUILD_DIR}/${UNLOCALIZED_RESOURCES_FOLDER_PATH}/TuyaSmartLightSceneBizBundle.bundle",
				"${TARGET_BUILD_DIR}/${UNLOCALIZED_RESOURCES_FOLDER_PATH}/TuyaSmartMallBizBundle.bundle",
				"${TARGET_BUILD_DIR}/${UNLOCALIZED_RESOURCES_FOLDER_PATH}/TuyaSmartMessageBizBundle.bundle",
				"${TARGET_BUILD_DIR}/${UNLOCALIZED_RESOURCES_FOLDER_PATH}/cerficate_h2_local",
				"${TARGET_BUILD_DIR}/${UNLOCALIZED_RESOURCES_FOLDER_PATH}/cerficate_v2",
				"${TARGET_BUILD_DIR}/${UNLOCALIZED_RESOURCES_FOLDER_PATH}/cerficate_v3",
				"${TARGET_BUILD_DIR}/${UNLOCALIZED_RESOURCES_FOLDER_PATH}/h2.ca.der",
				"${TARGET_BUILD_DIR}/${UNLOCALIZED_RESOURCES_FOLDER_PATH}/tydomain_v1.tuyacfg",
				"${TARGET_BUILD_DIR}/${UNLOCALIZED_RESOURCES_FOLDER_PATH}/TuyaSmartOTABizBundle.bundle",
				"${TARGET_BUILD_DIR}/${UNLOCALIZED_RESOURCES_FOLDER_PATH}/TuyaSmartPanelBizBundle.bundle",
				"${TARGET_BUILD_DIR}/${UNLOCALIZED_RESOURCES_FOLDER_PATH}/TuyaSmartSceneBizBundle.bundle",
				"${TARGET_BUILD_DIR}/${UNLOCALIZED_RESOURCES_FOLDER_PATH}/TuyaSmartSkillQuickBindBizBundle.bundle",
			);
			runOnlyForDeploymentPostprocessing = 0;
			shellPath = /bin/sh;
			shellScript = "\"${PODS_ROOT}/Target Support Files/Pods-tuya-bizbundle-ios-sample-objc_Example/Pods-tuya-bizbundle-ios-sample-objc_Example-resources.sh\"\n";
			showEnvVarsInLog = 0;
		};
/* End PBXShellScriptBuildPhase section */

/* Begin PBXSourcesBuildPhase section */
		6003F586195388D20070C39A /* Sources */ = {
			isa = PBXSourcesBuildPhase;
			buildActionMask = 2147483647;
			files = (
				34D5CA1525EFBA5B00C22B14 /* Home.m in Sources */,
				34D5C90B25EF68A900C22B14 /* ResetPasswordTableViewController.m in Sources */,
				34D5CA0F25EFB8A800C22B14 /* DeviceListTableViewController.m in Sources */,
				34EABCD425EF305200A72A8D /* MainTableViewController.m in Sources */,
				34D5C90A25EF68A900C22B14 /* RegisterTableViewController.m in Sources */,
				E5C146B628BCC7E1005B20A2 /* LightSceneListTableViewController.m in Sources */,
				AFA329BD25D0E3500065E54E /* AppDelegate.m in Sources */,
				AFA3294225D0E33C0065E54E /* main.m in Sources */,
				AFA329F125D0E3500065E54E /* Alert.m in Sources */,
				AFA329EF25D0E3500065E54E /* MainViewController.m in Sources */,
				34D5CA3025F20CDE00C22B14 /* SceneListTableViewController.m in Sources */,
				AFA329F325D0E3500065E54E /* UIButton+Extensions.m in Sources */,
				34D5C90C25EF68A900C22B14 /* LoginTableViewController.m in Sources */,
				344EB66A25F5FC3900C115E2 /* SwitchHomeTableViewController.m in Sources */,
				AFA329F225D0E3500065E54E /* NotificationName.m in Sources */,
			);
			runOnlyForDeploymentPostprocessing = 0;
		};
		6003F5AA195388D20070C39A /* Sources */ = {
			isa = PBXSourcesBuildPhase;
			buildActionMask = 2147483647;
			files = (
			);
			runOnlyForDeploymentPostprocessing = 0;
		};
/* End PBXSourcesBuildPhase section */

/* Begin PBXTargetDependency section */
		6003F5B4195388D20070C39A /* PBXTargetDependency */ = {
			isa = PBXTargetDependency;
			target = 6003F589195388D20070C39A /* tuya-bizbundle-ios-sample-objc_Example */;
			targetProxy = 6003F5B3195388D20070C39A /* PBXContainerItemProxy */;
		};
/* End PBXTargetDependency section */

/* Begin PBXVariantGroup section */
		344EB66225F5FBF800C115E2 /* SwitchHome.storyboard */ = {
			isa = PBXVariantGroup;
			children = (
				344EB66325F5FBF800C115E2 /* Base */,
				344EB66725F5FC0300C115E2 /* zh-Hans */,
			);
			name = SwitchHome.storyboard;
			sourceTree = "<group>";
		};
		344EB66F25F60DB400C115E2 /* TuyaSmartMain.storyboard */ = {
			isa = PBXVariantGroup;
			children = (
				344EB67025F60DBF00C115E2 /* Base */,
				344EB67125F60E1C00C115E2 /* zh-Hans */,
			);
			name = TuyaSmartMain.storyboard;
			sourceTree = "<group>";
		};
		344EB67625F6132E00C115E2 /* SceneList.storyboard */ = {
			isa = PBXVariantGroup;
			children = (
				344EB67525F6132E00C115E2 /* Base */,
				344EB67A25F6134400C115E2 /* zh-Hans */,
			);
			name = SceneList.storyboard;
			sourceTree = "<group>";
		};
		34D5CA0425EF967400C22B14 /* DeviceList.storyboard */ = {
			isa = PBXVariantGroup;
			children = (
				34D5CA0525EF967500C22B14 /* Base */,
				34D5CA0925EF96BA00C22B14 /* zh-Hans */,
			);
			name = DeviceList.storyboard;
			sourceTree = "<group>";
		};
		6003F596195388D20070C39A /* InfoPlist.strings */ = {
			isa = PBXVariantGroup;
			children = (
				AFA32A1725D0ED1E0065E54E /* zh-Hans */,
			);
			name = InfoPlist.strings;
			sourceTree = "<group>";
		};
		AFA3296825D0E3500065E54E /* LaunchScreen.storyboard */ = {
			isa = PBXVariantGroup;
			children = (
				AFA3296925D0E3500065E54E /* Base */,
				AFA329F825D0E3F50065E54E /* zh-Hans */,
			);
			name = LaunchScreen.storyboard;
			sourceTree = "<group>";
		};
		AFA3297225D0E3500065E54E /* Register.storyboard */ = {
			isa = PBXVariantGroup;
			children = (
				AFA3297325D0E3500065E54E /* Base */,
				AFA329FD25D0E4060065E54E /* zh-Hans */,
			);
			name = Register.storyboard;
			sourceTree = "<group>";
		};
		AFA3297425D0E3500065E54E /* Main.storyboard */ = {
			isa = PBXVariantGroup;
			children = (
				AFA3297525D0E3500065E54E /* Base */,
				AFA329FE25D0E4090065E54E /* zh-Hans */,
			);
			name = Main.storyboard;
			sourceTree = "<group>";
		};
		AFA3297625D0E3500065E54E /* Login.storyboard */ = {
			isa = PBXVariantGroup;
			children = (
				AFA3297725D0E3500065E54E /* Base */,
				AFA329FF25D0E40C0065E54E /* zh-Hans */,
			);
			name = Login.storyboard;
			sourceTree = "<group>";
		};
		AFA32A1025D0EBAB0065E54E /* Localizable.strings */ = {
			isa = PBXVariantGroup;
			children = (
				AFA32A1125D0EBAB0065E54E /* zh-Hans */,
			);
			name = Localizable.strings;
			sourceTree = "<group>";
		};
		E597052128BE703200A5C43F /* LightSceneList.storyboard */ = {
			isa = PBXVariantGroup;
			children = (
				E597052028BE703200A5C43F /* Base */,
				E597052328BE703500A5C43F /* zh-Hans */,
			);
			name = LightSceneList.storyboard;
			path = Base.lproj;
			sourceTree = "<group>";
		};
/* End PBXVariantGroup section */

/* Begin XCBuildConfiguration section */
		6003F5BD195388D20070C39A /* Debug */ = {
			isa = XCBuildConfiguration;
			buildSettings = {
				ALWAYS_SEARCH_USER_PATHS = NO;
				CLANG_CXX_LANGUAGE_STANDARD = "gnu++0x";
				CLANG_CXX_LIBRARY = "libc++";
				CLANG_ENABLE_MODULES = YES;
				CLANG_ENABLE_OBJC_ARC = YES;
				CLANG_WARN_BOOL_CONVERSION = YES;
				CLANG_WARN_CONSTANT_CONVERSION = YES;
				CLANG_WARN_DIRECT_OBJC_ISA_USAGE = YES_ERROR;
				CLANG_WARN_EMPTY_BODY = YES;
				CLANG_WARN_ENUM_CONVERSION = YES;
				CLANG_WARN_INT_CONVERSION = YES;
				CLANG_WARN_OBJC_ROOT_CLASS = YES_ERROR;
				CLANG_WARN__DUPLICATE_METHOD_MATCH = YES;
				"CODE_SIGN_IDENTITY[sdk=iphoneos*]" = "iPhone Developer";
				COPY_PHASE_STRIP = NO;
				ENABLE_TESTABILITY = YES;
				GCC_C_LANGUAGE_STANDARD = gnu99;
				GCC_DYNAMIC_NO_PIC = NO;
				GCC_OPTIMIZATION_LEVEL = 0;
				GCC_PREPROCESSOR_DEFINITIONS = (
					"DEBUG=1",
					"$(inherited)",
				);
				GCC_SYMBOLS_PRIVATE_EXTERN = NO;
				GCC_WARN_64_TO_32_BIT_CONVERSION = YES;
				GCC_WARN_ABOUT_RETURN_TYPE = YES_ERROR;
				GCC_WARN_UNDECLARED_SELECTOR = YES;
				GCC_WARN_UNINITIALIZED_AUTOS = YES_AGGRESSIVE;
				GCC_WARN_UNUSED_FUNCTION = YES;
				GCC_WARN_UNUSED_VARIABLE = YES;
				IPHONEOS_DEPLOYMENT_TARGET = 9.3;
				ONLY_ACTIVE_ARCH = YES;
				SDKROOT = iphoneos;
				TARGETED_DEVICE_FAMILY = "1,2";
			};
			name = Debug;
		};
		6003F5BE195388D20070C39A /* Release */ = {
			isa = XCBuildConfiguration;
			buildSettings = {
				ALWAYS_SEARCH_USER_PATHS = NO;
				CLANG_CXX_LANGUAGE_STANDARD = "gnu++0x";
				CLANG_CXX_LIBRARY = "libc++";
				CLANG_ENABLE_MODULES = YES;
				CLANG_ENABLE_OBJC_ARC = YES;
				CLANG_WARN_BOOL_CONVERSION = YES;
				CLANG_WARN_CONSTANT_CONVERSION = YES;
				CLANG_WARN_DIRECT_OBJC_ISA_USAGE = YES_ERROR;
				CLANG_WARN_EMPTY_BODY = YES;
				CLANG_WARN_ENUM_CONVERSION = YES;
				CLANG_WARN_INT_CONVERSION = YES;
				CLANG_WARN_OBJC_ROOT_CLASS = YES_ERROR;
				CLANG_WARN__DUPLICATE_METHOD_MATCH = YES;
				"CODE_SIGN_IDENTITY[sdk=iphoneos*]" = "iPhone Developer";
				COPY_PHASE_STRIP = YES;
				ENABLE_NS_ASSERTIONS = NO;
				GCC_C_LANGUAGE_STANDARD = gnu99;
				GCC_WARN_64_TO_32_BIT_CONVERSION = YES;
				GCC_WARN_ABOUT_RETURN_TYPE = YES_ERROR;
				GCC_WARN_UNDECLARED_SELECTOR = YES;
				GCC_WARN_UNINITIALIZED_AUTOS = YES_AGGRESSIVE;
				GCC_WARN_UNUSED_FUNCTION = YES;
				GCC_WARN_UNUSED_VARIABLE = YES;
				IPHONEOS_DEPLOYMENT_TARGET = 9.3;
				SDKROOT = iphoneos;
				TARGETED_DEVICE_FAMILY = "1,2";
				VALIDATE_PRODUCT = YES;
			};
			name = Release;
		};
		6003F5C0195388D20070C39A /* Debug */ = {
			isa = XCBuildConfiguration;
			baseConfigurationReference = 368ED08045690B9BA6C1281B /* Pods-tuya-bizbundle-ios-sample-objc_Example.debug.xcconfig */;
			buildSettings = {
				ASSETCATALOG_COMPILER_APPICON_NAME = AppIcon;
				CODE_SIGN_ENTITLEMENTS = "tuya-bizbundle-ios-sample-objc_Example.entitlements";
				DEVELOPMENT_TEAM = 94JFPTRDN5;
				ENABLE_BITCODE = NO;
				GCC_PRECOMPILE_PREFIX_HEADER = YES;
				GCC_PREFIX_HEADER = "tuya-bizbundle-ios-sample-objc/tuya-bizbundle-ios-sample-objc-Prefix.pch";
				INFOPLIST_FILE = "tuya-bizbundle-ios-sample-objc/tuya-bizbundle-ios-sample-objc-Info.plist";
				MODULE_NAME = ExampleApp;
				PRODUCT_BUNDLE_IDENTIFIER = com.tuya.smart;
				PRODUCT_NAME = "$(TARGET_NAME)";
				SWIFT_VERSION = 4.0;
				WRAPPER_EXTENSION = app;
			};
			name = Debug;
		};
		6003F5C1195388D20070C39A /* Release */ = {
			isa = XCBuildConfiguration;
			baseConfigurationReference = AC153C7CD61F4FA79F8DF9EC /* Pods-tuya-bizbundle-ios-sample-objc_Example.release.xcconfig */;
			buildSettings = {
				ASSETCATALOG_COMPILER_APPICON_NAME = AppIcon;
				CODE_SIGN_ENTITLEMENTS = "tuya-bizbundle-ios-sample-objc_Example.entitlements";
				DEVELOPMENT_TEAM = 94JFPTRDN5;
				ENABLE_BITCODE = NO;
				GCC_PRECOMPILE_PREFIX_HEADER = YES;
				GCC_PREFIX_HEADER = "tuya-bizbundle-ios-sample-objc/tuya-bizbundle-ios-sample-objc-Prefix.pch";
				INFOPLIST_FILE = "tuya-bizbundle-ios-sample-objc/tuya-bizbundle-ios-sample-objc-Info.plist";
				MODULE_NAME = ExampleApp;
				PRODUCT_BUNDLE_IDENTIFIER = com.tuya.smart;
				PRODUCT_NAME = "$(TARGET_NAME)";
				SWIFT_VERSION = 4.0;
				WRAPPER_EXTENSION = app;
			};
			name = Release;
		};
		6003F5C3195388D20070C39A /* Debug */ = {
			isa = XCBuildConfiguration;
			buildSettings = {
				BUNDLE_LOADER = "$(TEST_HOST)";
				FRAMEWORK_SEARCH_PATHS = (
					"$(PLATFORM_DIR)/Developer/Library/Frameworks",
					"$(inherited)",
					"$(DEVELOPER_FRAMEWORKS_DIR)",
				);
				GCC_PRECOMPILE_PREFIX_HEADER = YES;
				GCC_PREFIX_HEADER = "Tests/Tests-Prefix.pch";
				GCC_PREPROCESSOR_DEFINITIONS = (
					"DEBUG=1",
					"$(inherited)",
				);
				INFOPLIST_FILE = "Tests/Tests-Info.plist";
				PRODUCT_BUNDLE_IDENTIFIER = "org.cocoapods.demo.${PRODUCT_NAME:rfc1034identifier}";
				PRODUCT_NAME = "$(TARGET_NAME)";
				SWIFT_VERSION = 4.0;
				TEST_HOST = "$(BUILT_PRODUCTS_DIR)/tuya-bizbundle-ios-sample-objc_Example.app/tuya-bizbundle-ios-sample-objc_Example";
				WRAPPER_EXTENSION = xctest;
			};
			name = Debug;
		};
		6003F5C4195388D20070C39A /* Release */ = {
			isa = XCBuildConfiguration;
			buildSettings = {
				BUNDLE_LOADER = "$(TEST_HOST)";
				FRAMEWORK_SEARCH_PATHS = (
					"$(PLATFORM_DIR)/Developer/Library/Frameworks",
					"$(inherited)",
					"$(DEVELOPER_FRAMEWORKS_DIR)",
				);
				GCC_PRECOMPILE_PREFIX_HEADER = YES;
				GCC_PREFIX_HEADER = "Tests/Tests-Prefix.pch";
				INFOPLIST_FILE = "Tests/Tests-Info.plist";
				PRODUCT_BUNDLE_IDENTIFIER = "org.cocoapods.demo.${PRODUCT_NAME:rfc1034identifier}";
				PRODUCT_NAME = "$(TARGET_NAME)";
				SWIFT_VERSION = 4.0;
				TEST_HOST = "$(BUILT_PRODUCTS_DIR)/tuya-bizbundle-ios-sample-objc_Example.app/tuya-bizbundle-ios-sample-objc_Example";
				WRAPPER_EXTENSION = xctest;
			};
			name = Release;
		};
/* End XCBuildConfiguration section */

/* Begin XCConfigurationList section */
		6003F585195388D10070C39A /* Build configuration list for PBXProject "tuya-bizbundle-ios-sample-objc" */ = {
			isa = XCConfigurationList;
			buildConfigurations = (
				6003F5BD195388D20070C39A /* Debug */,
				6003F5BE195388D20070C39A /* Release */,
			);
			defaultConfigurationIsVisible = 0;
			defaultConfigurationName = Release;
		};
		6003F5BF195388D20070C39A /* Build configuration list for PBXNativeTarget "tuya-bizbundle-ios-sample-objc_Example" */ = {
			isa = XCConfigurationList;
			buildConfigurations = (
				6003F5C0195388D20070C39A /* Debug */,
				6003F5C1195388D20070C39A /* Release */,
			);
			defaultConfigurationIsVisible = 0;
			defaultConfigurationName = Release;
		};
		6003F5C2195388D20070C39A /* Build configuration list for PBXNativeTarget "tuya-bizbundle-ios-sample-objc_Tests" */ = {
			isa = XCConfigurationList;
			buildConfigurations = (
				6003F5C3195388D20070C39A /* Debug */,
				6003F5C4195388D20070C39A /* Release */,
			);
			defaultConfigurationIsVisible = 0;
			defaultConfigurationName = Release;
		};
/* End XCConfigurationList section */
	};
	rootObject = 6003F582195388D10070C39A /* Project object */;
}
